// !$*UTF8*$!
{
	archiveVersion = 1;
	classes = {
	};
	objectVersion = 50;
	objects = {

/* Begin PBXBuildFile section */
		10F59FCF54D71AC8AA4E3217 /* Pods_DemoSDWebImage.framework in Frameworks */ = {isa = PBXBuildFile; fileRef = 7CB554AAD8452B576787564E /* Pods_DemoSDWebImage.framework */; };
		B57E78AC237D3415000962D0 /* AppDelegate.swift in Sources */ = {isa = PBXBuildFile; fileRef = B57E78AB237D3415000962D0 /* AppDelegate.swift */; };
		B57E78AE237D3415000962D0 /* SceneDelegate.swift in Sources */ = {isa = PBXBuildFile; fileRef = B57E78AD237D3415000962D0 /* SceneDelegate.swift */; };
		B57E78B0237D3415000962D0 /* ContentView.swift in Sources */ = {isa = PBXBuildFile; fileRef = B57E78AF237D3415000962D0 /* ContentView.swift */; };
		B57E78B2237D3417000962D0 /* Assets.xcassets in Resources */ = {isa = PBXBuildFile; fileRef = B57E78B1237D3417000962D0 /* Assets.xcassets */; };
		B57E78B5237D3417000962D0 /* Preview Assets.xcassets in Resources */ = {isa = PBXBuildFile; fileRef = B57E78B4237D3417000962D0 /* Preview Assets.xcassets */; };
		B57E78B8237D3417000962D0 /* LaunchScreen.storyboard in Resources */ = {isa = PBXBuildFile; fileRef = B57E78B6237D3417000962D0 /* LaunchScreen.storyboard */; };
/* End PBXBuildFile section */

/* Begin PBXFileReference section */
		48C2F1335EC33072E4B0879C /* Pods-DemoSDWebImage.debug.xcconfig */ = {isa = PBXFileReference; includeInIndex = 1; lastKnownFileType = text.xcconfig; name = "Pods-DemoSDWebImage.debug.xcconfig"; path = "Target Support Files/Pods-DemoSDWebImage/Pods-DemoSDWebImage.debug.xcconfig"; sourceTree = "<group>"; };
		51442B15870551C162921F62 /* Pods-DemoSDWebImage.release.xcconfig */ = {isa = PBXFileReference; includeInIndex = 1; lastKnownFileType = text.xcconfig; name = "Pods-DemoSDWebImage.release.xcconfig"; path = "Target Support Files/Pods-DemoSDWebImage/Pods-DemoSDWebImage.release.xcconfig"; sourceTree = "<group>"; };
		7CB554AAD8452B576787564E /* Pods_DemoSDWebImage.framework */ = {isa = PBXFileReference; explicitFileType = wrapper.framework; includeInIndex = 0; path = Pods_DemoSDWebImage.framework; sourceTree = BUILT_PRODUCTS_DIR; };
		B57E78A8237D3415000962D0 /* DemoSDWebImage.app */ = {isa = PBXFileReference; explicitFileType = wrapper.application; includeInIndex = 0; path = DemoSDWebImage.app; sourceTree = BUILT_PRODUCTS_DIR; };
		B57E78AB237D3415000962D0 /* AppDelegate.swift */ = {isa = PBXFileReference; lastKnownFileType = sourcecode.swift; path = AppDelegate.swift; sourceTree = "<group>"; };
		B57E78AD237D3415000962D0 /* SceneDelegate.swift */ = {isa = PBXFileReference; lastKnownFileType = sourcecode.swift; path = SceneDelegate.swift; sourceTree = "<group>"; };
		B57E78AF237D3415000962D0 /* ContentView.swift */ = {isa = PBXFileReference; lastKnownFileType = sourcecode.swift; path = ContentView.swift; sourceTree = "<group>"; };
		B57E78B1237D3417000962D0 /* Assets.xcassets */ = {isa = PBXFileReference; lastKnownFileType = folder.assetcatalog; path = Assets.xcassets; sourceTree = "<group>"; };
		B57E78B4237D3417000962D0 /* Preview Assets.xcassets */ = {isa = PBXFileReference; lastKnownFileType = folder.assetcatalog; path = "Preview Assets.xcassets"; sourceTree = "<group>"; };
		B57E78B7237D3417000962D0 /* Base */ = {isa = PBXFileReference; lastKnownFileType = file.storyboard; name = Base; path = Base.lproj/LaunchScreen.storyboard; sourceTree = "<group>"; };
		B57E78B9237D3417000962D0 /* Info.plist */ = {isa = PBXFileReference; lastKnownFileType = text.plist.xml; path = Info.plist; sourceTree = "<group>"; };
/* End PBXFileReference section */

/* Begin PBXFrameworksBuildPhase section */
		B57E78A5237D3415000962D0 /* Frameworks */ = {
			isa = PBXFrameworksBuildPhase;
			buildActionMask = 2147483647;
			files = (
				10F59FCF54D71AC8AA4E3217 /* Pods_DemoSDWebImage.framework in Frameworks */,
			);
			runOnlyForDeploymentPostprocessing = 0;
		};
/* End PBXFrameworksBuildPhase section */

/* Begin PBXGroup section */
		0E8EBC65D6BCBE450C66E843 /* Frameworks */ = {
			isa = PBXGroup;
			children = (
				7CB554AAD8452B576787564E /* Pods_DemoSDWebImage.framework */,
			);
			name = Frameworks;
			sourceTree = "<group>";
		};
		1019D5D8822307504CA4653C /* Pods */ = {
			isa = PBXGroup;
			children = (
				48C2F1335EC33072E4B0879C /* Pods-DemoSDWebImage.debug.xcconfig */,
				51442B15870551C162921F62 /* Pods-DemoSDWebImage.release.xcconfig */,
			);
			name = Pods;
			path = Pods;
			sourceTree = "<group>";
		};
		B57E789F237D3415000962D0 = {
			isa = PBXGroup;
			children = (
				B57E78AA237D3415000962D0 /* DemoSDWebImage */,
				B57E78A9237D3415000962D0 /* Products */,
				1019D5D8822307504CA4653C /* Pods */,
				0E8EBC65D6BCBE450C66E843 /* Frameworks */,
			);
			sourceTree = "<group>";
		};
		B57E78A9237D3415000962D0 /* Products */ = {
			isa = PBXGroup;
			children = (
				B57E78A8237D3415000962D0 /* DemoSDWebImage.app */,
			);
			name = Products;
			sourceTree = "<group>";
		};
		B57E78AA237D3415000962D0 /* DemoSDWebImage */ = {
			isa = PBXGroup;
			children = (
				B57E78AB237D3415000962D0 /* AppDelegate.swift */,
				B57E78AD237D3415000962D0 /* SceneDelegate.swift */,
				B57E78AF237D3415000962D0 /* ContentView.swift */,
				B57E78B1237D3417000962D0 /* Assets.xcassets */,
				B57E78B6237D3417000962D0 /* LaunchScreen.storyboard */,
				B57E78B9237D3417000962D0 /* Info.plist */,
				B57E78B3237D3417000962D0 /* Preview Content */,
			);
			path = DemoSDWebImage;
			sourceTree = "<group>";
		};
		B57E78B3237D3417000962D0 /* Preview Content */ = {
			isa = PBXGroup;
			children = (
				B57E78B4237D3417000962D0 /* Preview Assets.xcassets */,
			);
			path = "Preview Content";
			sourceTree = "<group>";
		};
/* End PBXGroup section */

/* Begin PBXNativeTarget section */
		B57E78A7237D3415000962D0 /* DemoSDWebImage */ = {
			isa = PBXNativeTarget;
			buildConfigurationList = B57E78BC237D3417000962D0 /* Build configuration list for PBXNativeTarget "DemoSDWebImage" */;
			buildPhases = (
				E91E27D71A045665826665BD /* [CP] Check Pods Manifest.lock */,
				B57E78A4237D3415000962D0 /* Sources */,
				B57E78A5237D3415000962D0 /* Frameworks */,
				B57E78A6237D3415000962D0 /* Resources */,
				D60079C16D9DC3DA89A00063 /* [CP] Embed Pods Frameworks */,
			);
			buildRules = (
			);
			dependencies = (
			);
			name = DemoSDWebImage;
			productName = DemoSDWebImage;
			productReference = B57E78A8237D3415000962D0 /* DemoSDWebImage.app */;
			productType = "com.apple.product-type.application";
		};
/* End PBXNativeTarget section */

/* Begin PBXProject section */
		B57E78A0237D3415000962D0 /* Project object */ = {
			isa = PBXProject;
			attributes = {
				LastSwiftUpdateCheck = 1110;
				LastUpgradeCheck = 1110;
				ORGANIZATIONNAME = dengchaojie;
				TargetAttributes = {
					B57E78A7237D3415000962D0 = {
						CreatedOnToolsVersion = 11.1;
					};
				};
			};
			buildConfigurationList = B57E78A3237D3415000962D0 /* Build configuration list for PBXProject "DemoSDWebImage" */;
			compatibilityVersion = "Xcode 9.3";
			developmentRegion = en;
			hasScannedForEncodings = 0;
			knownRegions = (
				en,
				Base,
			);
			mainGroup = B57E789F237D3415000962D0;
			productRefGroup = B57E78A9237D3415000962D0 /* Products */;
			projectDirPath = "";
			projectRoot = "";
			targets = (
				B57E78A7237D3415000962D0 /* DemoSDWebImage */,
			);
		};
/* End PBXProject section */

/* Begin PBXResourcesBuildPhase section */
		B57E78A6237D3415000962D0 /* Resources */ = {
			isa = PBXResourcesBuildPhase;
			buildActionMask = 2147483647;
			files = (
				B57E78B8237D3417000962D0 /* LaunchScreen.storyboard in Resources */,
				B57E78B5237D3417000962D0 /* Preview Assets.xcassets in Resources */,
				B57E78B2237D3417000962D0 /* Assets.xcassets in Resources */,
			);
			runOnlyForDeploymentPostprocessing = 0;
		};
/* End PBXResourcesBuildPhase section */

/* Begin PBXShellScriptBuildPhase section */
		D60079C16D9DC3DA89A00063 /* [CP] Embed Pods Frameworks */ = {
			isa = PBXShellScriptBuildPhase;
			buildActionMask = 2147483647;
			files = (
			);
			inputFileListPaths = (
				"${PODS_ROOT}/Target Support Files/Pods-DemoSDWebImage/Pods-DemoSDWebImage-frameworks-${CONFIGURATION}-input-files.xcfilelist",
			);
			name = "[CP] Embed Pods Frameworks";
			outputFileListPaths = (
				"${PODS_ROOT}/Target Support Files/Pods-DemoSDWebImage/Pods-DemoSDWebImage-frameworks-${CONFIGURATION}-output-files.xcfilelist",
			);
			runOnlyForDeploymentPostprocessing = 0;
			shellPath = /bin/sh;
			shellScript = "\"${PODS_ROOT}/Target Support Files/Pods-DemoSDWebImage/Pods-DemoSDWebImage-frameworks.sh\"\n";
			showEnvVarsInLog = 0;
		};
		E91E27D71A045665826665BD /* [CP] Check Pods Manifest.lock */ = {
			isa = PBXShellScriptBuildPhase;
			buildActionMask = 2147483647;
			files = (
			);
			inputFileListPaths = (
			);
			inputPaths = (
				"${PODS_PODFILE_DIR_PATH}/Podfile.lock",
				"${PODS_ROOT}/Manifest.lock",
			);
			name = "[CP] Check Pods Manifest.lock";
			outputFileListPaths = (
			);
			outputPaths = (
				"$(DERIVED_FILE_DIR)/Pods-DemoSDWebImage-checkManifestLockResult.txt",
			);
			runOnlyForDeploymentPostprocessing = 0;
			shellPath = /bin/sh;
			shellScript = "diff \"${PODS_PODFILE_DIR_PATH}/Podfile.lock\" \"${PODS_ROOT}/Manifest.lock\" > /dev/null\nif [ $? != 0 ] ; then\n    # print error to STDERR\n    echo \"error: The sandbox is not in sync with the Podfile.lock. Run 'pod install' or update your CocoaPods installation.\" >&2\n    exit 1\nfi\n# This output is used by Xcode 'outputs' to avoid re-running this script phase.\necho \"SUCCESS\" > \"${SCRIPT_OUTPUT_FILE_0}\"\n";
			showEnvVarsInLog = 0;
		};
/* End PBXShellScriptBuildPhase section */

/* Begin PBXSourcesBuildPhase section */
		B57E78A4237D3415000962D0 /* Sources */ = {
			isa = PBXSourcesBuildPhase;
			buildActionMask = 2147483647;
			files = (
				B57E78AC237D3415000962D0 /* AppDelegate.swift in Sources */,
				B57E78AE237D3415000962D0 /* SceneDelegate.swift in Sources */,
				B57E78B0237D3415000962D0 /* ContentView.swift in Sources */,
			);
			runOnlyForDeploymentPostprocessing = 0;
		};
/* End PBXSourcesBuildPhase section */

/* Begin PBXVariantGroup section */
		B57E78B6237D3417000962D0 /* LaunchScreen.storyboard */ = {
			isa = PBXVariantGroup;
			children = (
				B57E78B7237D3417000962D0 /* Base */,
			);
			name = LaunchScreen.storyboard;
			sourceTree = "<group>";
		};
/* End PBXVariantGroup section */

/* Begin XCBuildConfiguration section */
		B57E78BA237D3417000962D0 /* Debug */ = {
			isa = XCBuildConfiguration;
			buildSettings = {
				ALWAYS_SEARCH_USER_PATHS = NO;
				CLANG_ANALYZER_NONNULL = YES;
				CLANG_ANALYZER_NUMBER_OBJECT_CONVERSION = YES_AGGRESSIVE;
				CLANG_CXX_LANGUAGE_STANDARD = "gnu++14";
				CLANG_CXX_LIBRARY = "libc++";
				CLANG_ENABLE_MODULES = YES;
				CLANG_ENABLE_OBJC_ARC = YES;
				CLANG_ENABLE_OBJC_WEAK = YES;
				CLANG_WARN_BLOCK_CAPTURE_AUTORELEASING = YES;
				CLANG_WARN_BOOL_CONVERSION = YES;
				CLANG_WARN_COMMA = YES;
				CLANG_WARN_CONSTANT_CONVERSION = YES;
				CLANG_WARN_DEPRECATED_OBJC_IMPLEMENTATIONS = YES;
				CLANG_WARN_DIRECT_OBJC_ISA_USAGE = YES_ERROR;
				CLANG_WARN_DOCUMENTATION_COMMENTS = YES;
				CLANG_WARN_EMPTY_BODY = YES;
				CLANG_WARN_ENUM_CONVERSION = YES;
				CLANG_WARN_INFINITE_RECURSION = YES;
				CLANG_WARN_INT_CONVERSION = YES;
				CLANG_WARN_NON_LITERAL_NULL_CONVERSION = YES;
				CLANG_WARN_OBJC_IMPLICIT_RETAIN_SELF = YES;
				CLANG_WARN_OBJC_LITERAL_CONVERSION = YES;
				CLANG_WARN_OBJC_ROOT_CLASS = YES_ERROR;
				CLANG_WARN_RANGE_LOOP_ANALYSIS = YES;
				CLANG_WARN_STRICT_PROTOTYPES = YES;
				CLANG_WARN_SUSPICIOUS_MOVE = YES;
				CLANG_WARN_UNGUARDED_AVAILABILITY = YES_AGGRESSIVE;
				CLANG_WARN_UNREACHABLE_CODE = YES;
				CLANG_WARN__DUPLICATE_METHOD_MATCH = YES;
				COPY_PHASE_STRIP = NO;
				DEBUG_INFORMATION_FORMAT = dwarf;
				ENABLE_STRICT_OBJC_MSGSEND = YES;
				ENABLE_TESTABILITY = YES;
				GCC_C_LANGUAGE_STANDARD = gnu11;
				GCC_DYNAMIC_NO_PIC = NO;
				GCC_NO_COMMON_BLOCKS = YES;
				GCC_OPTIMIZATION_LEVEL = 0;
				GCC_PREPROCESSOR_DEFINITIONS = (
					"DEBUG=1",
					"$(inherited)",
				);
				GCC_WARN_64_TO_32_BIT_CONVERSION = YES;
				GCC_WARN_ABOUT_RETURN_TYPE = YES_ERROR;
				GCC_WARN_UNDECLARED_SELECTOR = YES;
				GCC_WARN_UNINITIALIZED_AUTOS = YES_AGGRESSIVE;
				GCC_WARN_UNUSED_FUNCTION = YES;
				GCC_WARN_UNUSED_VARIABLE = YES;
				IPHONEOS_DEPLOYMENT_TARGET = 13.1;
				MTL_ENABLE_DEBUG_INFO = INCLUDE_SOURCE;
				MTL_FAST_MATH = YES;
				ONLY_ACTIVE_ARCH = YES;
				SDKROOT = iphoneos;
				SWIFT_ACTIVE_COMPILATION_CONDITIONS = DEBUG;
				SWIFT_OPTIMIZATION_LEVEL = "-Onone";
			};
			name = Debug;
		};
		B57E78BB237D3417000962D0 /* Release */ = {
			isa = XCBuildConfiguration;
			buildSettings = {
				ALWAYS_SEARCH_USER_PATHS = NO;
				CLANG_ANALYZER_NONNULL = YES;
				CLANG_ANALYZER_NUMBER_OBJECT_CONVERSION = YES_AGGRESSIVE;
				CLANG_CXX_LANGUAGE_STANDARD = "gnu++14";
				CLANG_CXX_LIBRARY = "libc++";
				CLANG_ENABLE_MODULES = YES;
				CLANG_ENABLE_OBJC_ARC = YES;
				CLANG_ENABLE_OBJC_WEAK = YES;
				CLANG_WARN_BLOCK_CAPTURE_AUTORELEASING = YES;
				CLANG_WARN_BOOL_CONVERSION = YES;
				CLANG_WARN_COMMA = YES;
				CLANG_WARN_CONSTANT_CONVERSION = YES;
				CLANG_WARN_DEPRECATED_OBJC_IMPLEMENTATIONS = YES;
				CLANG_WARN_DIRECT_OBJC_ISA_USAGE = YES_ERROR;
				CLANG_WARN_DOCUMENTATION_COMMENTS = YES;
				CLANG_WARN_EMPTY_BODY = YES;
				CLANG_WARN_ENUM_CONVERSION = YES;
				CLANG_WARN_INFINITE_RECURSION = YES;
				CLANG_WARN_INT_CONVERSION = YES;
				CLANG_WARN_NON_LITERAL_NULL_CONVERSION = YES;
				CLANG_WARN_OBJC_IMPLICIT_RETAIN_SELF = YES;
				CLANG_WARN_OBJC_LITERAL_CONVERSION = YES;
				CLANG_WARN_OBJC_ROOT_CLASS = YES_ERROR;
				CLANG_WARN_RANGE_LOOP_ANALYSIS = YES;
				CLANG_WARN_STRICT_PROTOTYPES = YES;
				CLANG_WARN_SUSPICIOUS_MOVE = YES;
				CLANG_WARN_UNGUARDED_AVAILABILITY = YES_AGGRESSIVE;
				CLANG_WARN_UNREACHABLE_CODE = YES;
				CLANG_WARN__DUPLICATE_METHOD_MATCH = YES;
				COPY_PHASE_STRIP = NO;
				DEBUG_INFORMATION_FORMAT = "dwarf-with-dsym";
				ENABLE_NS_ASSERTIONS = NO;
				ENABLE_STRICT_OBJC_MSGSEND = YES;
				GCC_C_LANGUAGE_STANDARD = gnu11;
				GCC_NO_COMMON_BLOCKS = YES;
				GCC_WARN_64_TO_32_BIT_CONVERSION = YES;
				GCC_WARN_ABOUT_RETURN_TYPE = YES_ERROR;
				GCC_WARN_UNDECLARED_SELECTOR = YES;
				GCC_WARN_UNINITIALIZED_AUTOS = YES_AGGRESSIVE;
				GCC_WARN_UNUSED_FUNCTION = YES;
				GCC_WARN_UNUSED_VARIABLE = YES;
				IPHONEOS_DEPLOYMENT_TARGET = 13.1;
				MTL_ENABLE_DEBUG_INFO = NO;
				MTL_FAST_MATH = YES;
				SDKROOT = iphoneos;
				SWIFT_COMPILATION_MODE = wholemodule;
				SWIFT_OPTIMIZATION_LEVEL = "-O";
				VALIDATE_PRODUCT = YES;
			};
			name = Release;
		};
		B57E78BD237D3417000962D0 /* Debug */ = {
			isa = XCBuildConfiguration;
			baseConfigurationReference = 48C2F1335EC33072E4B0879C /* Pods-DemoSDWebImage.debug.xcconfig */;
			buildSettings = {
				ASSETCATALOG_COMPILER_APPICON_NAME = AppIcon;
				CODE_SIGN_STYLE = Automatic;
				DEVELOPMENT_ASSET_PATHS = "\"DemoSDWebImage/Preview Content\"";
				DEVELOPMENT_TEAM = CBDRQW8BL9;
				ENABLE_PREVIEWS = YES;
				INFOPLIST_FILE = DemoSDWebImage/Info.plist;
				LD_RUNPATH_SEARCH_PATHS = (
					"$(inherited)",
					"@executable_path/Frameworks",
				);
				PRODUCT_BUNDLE_IDENTIFIER = com.dcj.DemoSDWebImage;
				PRODUCT_NAME = "$(TARGET_NAME)";
				SWIFT_VERSION = 5.0;
				TARGETED_DEVICE_FAMILY = "1,2";
			};
			name = Debug;
		};
		B57E78BE237D3417000962D0 /* Release */ = {
			isa = XCBuildConfiguration;
			baseConfigurationReference = 51442B15870551C162921F62 /* Pods-DemoSDWebImage.release.xcconfig */;
			buildSettings = {
				ASSETCATALOG_COMPILER_APPICON_NAME = AppIcon;
				CODE_SIGN_STYLE = Automatic;
				DEVELOPMENT_ASSET_PATHS = "\"DemoSDWebImage/Preview Content\"";
				DEVELOPMENT_TEAM = CBDRQW8BL9;
				ENABLE_PREVIEWS = YES;
				INFOPLIST_FILE = DemoSDWebImage/Info.plist;
				LD_RUNPATH_SEARCH_PATHS = (
					"$(inherited)",
					"@executable_path/Frameworks",
				);
				PRODUCT_BUNDLE_IDENTIFIER = com.dcj.DemoSDWebImage;
				PRODUCT_NAME = "$(TARGET_NAME)";
				SWIFT_VERSION = 5.0;
				TARGETED_DEVICE_FAMILY = "1,2";
			};
			name = Release;
		};
/* End XCBuildConfiguration section */

/* Begin XCConfigurationList section */
		B57E78A3237D3415000962D0 /* Build configuration list for PBXProject "DemoSDWebImage" */ = {
			isa = XCConfigurationList;
			buildConfigurations = (
				B57E78BA237D3417000962D0 /* Debug */,
				B57E78BB237D3417000962D0 /* Release */,
			);
			defaultConfigurationIsVisible = 0;
			defaultConfigurationName = Release;
		};
		B57E78BC237D3417000962D0 /* Build configuration list for PBXNativeTarget "DemoSDWebImage" */ = {
			isa = XCConfigurationList;
			buildConfigurations = (
				B57E78BD237D3417000962D0 /* Debug */,
				B57E78BE237D3417000962D0 /* Release */,
			);
			defaultConfigurationIsVisible = 0;
			defaultConfigurationName = Release;
		};
/* End XCConfigurationList section */
	};
	rootObject = B57E78A0237D3415000962D0 /* Project object */;
}
