// !$*UTF8*$!
{
	archiveVersion = 1;
	classes = {
	};
	objectVersion = 50;
	objects = {

/* Begin PBXBuildFile section */
		B5C8DAFC239123D400BF3BF3 /* AppDelegate.m in Sources */ = {isa = PBXBuildFile; fileRef = B5C8DAFB239123D400BF3BF3 /* AppDelegate.m */; };
		B5C8DAFF239123D400BF3BF3 /* SceneDelegate.m in Sources */ = {isa = PBXBuildFile; fileRef = B5C8DAFE239123D400BF3BF3 /* SceneDelegate.m */; };
		B5C8DB02239123D400BF3BF3 /* ViewController.m in Sources */ = {isa = PBXBuildFile; fileRef = B5C8DB01239123D400BF3BF3 /* ViewController.m */; };
		B5C8DB05239123D400BF3BF3 /* Main.storyboard in Resources */ = {isa = PBXBuildFile; fileRef = B5C8DB03239123D400BF3BF3 /* Main.storyboard */; };
		B5C8DB07239123D500BF3BF3 /* Assets.xcassets in Resources */ = {isa = PBXBuildFile; fileRef = B5C8DB06239123D500BF3BF3 /* Assets.xcassets */; };
		B5C8DB0A239123D500BF3BF3 /* LaunchScreen.storyboard in Resources */ = {isa = PBXBuildFile; fileRef = B5C8DB08239123D500BF3BF3 /* LaunchScreen.storyboard */; };
		B5C8DB0D239123D500BF3BF3 /* main.m in Sources */ = {isa = PBXBuildFile; fileRef = B5C8DB0C239123D500BF3BF3 /* main.m */; };
/* End PBXBuildFile section */

/* Begin PBXFileReference section */
		B5C8DAF7239123D400BF3BF3 /* SonarOCRule.app */ = {isa = PBXFileReference; explicitFileType = wrapper.application; includeInIndex = 0; path = SonarOCRule.app; sourceTree = BUILT_PRODUCTS_DIR; };
		B5C8DAFA239123D400BF3BF3 /* AppDelegate.h */ = {isa = PBXFileReference; lastKnownFileType = sourcecode.c.h; path = AppDelegate.h; sourceTree = "<group>"; };
		B5C8DAFB239123D400BF3BF3 /* AppDelegate.m */ = {isa = PBXFileReference; lastKnownFileType = sourcecode.c.objc; path = AppDelegate.m; sourceTree = "<group>"; };
		B5C8DAFD239123D400BF3BF3 /* SceneDelegate.h */ = {isa = PBXFileReference; lastKnownFileType = sourcecode.c.h; path = SceneDelegate.h; sourceTree = "<group>"; };
		B5C8DAFE239123D400BF3BF3 /* SceneDelegate.m */ = {isa = PBXFileReference; lastKnownFileType = sourcecode.c.objc; path = SceneDelegate.m; sourceTree = "<group>"; };
		B5C8DB00239123D400BF3BF3 /* ViewController.h */ = {isa = PBXFileReference; lastKnownFileType = sourcecode.c.h; path = ViewController.h; sourceTree = "<group>"; };
		B5C8DB01239123D400BF3BF3 /* ViewController.m */ = {isa = PBXFileReference; lastKnownFileType = sourcecode.c.objc; path = ViewController.m; sourceTree = "<group>"; };
		B5C8DB04239123D400BF3BF3 /* Base */ = {isa = PBXFileReference; lastKnownFileType = file.storyboard; name = Base; path = Base.lproj/Main.storyboard; sourceTree = "<group>"; };
		B5C8DB06239123D500BF3BF3 /* Assets.xcassets */ = {isa = PBXFileReference; lastKnownFileType = folder.assetcatalog; path = Assets.xcassets; sourceTree = "<group>"; };
		B5C8DB09239123D500BF3BF3 /* Base */ = {isa = PBXFileReference; lastKnownFileType = file.storyboard; name = Base; path = Base.lproj/LaunchScreen.storyboard; sourceTree = "<group>"; };
		B5C8DB0B239123D500BF3BF3 /* Info.plist */ = {isa = PBXFileReference; lastKnownFileType = text.plist.xml; path = Info.plist; sourceTree = "<group>"; };
		B5C8DB0C239123D500BF3BF3 /* main.m */ = {isa = PBXFileReference; lastKnownFileType = sourcecode.c.objc; path = main.m; sourceTree = "<group>"; };
/* End PBXFileReference section */

/* Begin PBXFrameworksBuildPhase section */
		B5C8DAF4239123D400BF3BF3 /* Frameworks */ = {
			isa = PBXFrameworksBuildPhase;
			buildActionMask = 2147483647;
			files = (
			);
			runOnlyForDeploymentPostprocessing = 0;
		};
/* End PBXFrameworksBuildPhase section */

/* Begin PBXGroup section */
		B5C8DAEE239123D400BF3BF3 = {
			isa = PBXGroup;
			children = (
				B5C8DAF9239123D400BF3BF3 /* SonarOCRule */,
				B5C8DAF8239123D400BF3BF3 /* Products */,
			);
			sourceTree = "<group>";
		};
		B5C8DAF8239123D400BF3BF3 /* Products */ = {
			isa = PBXGroup;
			children = (
				B5C8DAF7239123D400BF3BF3 /* SonarOCRule.app */,
			);
			name = Products;
			sourceTree = "<group>";
		};
		B5C8DAF9239123D400BF3BF3 /* SonarOCRule */ = {
			isa = PBXGroup;
			children = (
				B5C8DAFA239123D400BF3BF3 /* AppDelegate.h */,
				B5C8DAFB239123D400BF3BF3 /* AppDelegate.m */,
				B5C8DAFD239123D400BF3BF3 /* SceneDelegate.h */,
				B5C8DAFE239123D400BF3BF3 /* SceneDelegate.m */,
				B5C8DB00239123D400BF3BF3 /* ViewController.h */,
				B5C8DB01239123D400BF3BF3 /* ViewController.m */,
				B5C8DB03239123D400BF3BF3 /* Main.storyboard */,
				B5C8DB06239123D500BF3BF3 /* Assets.xcassets */,
				B5C8DB08239123D500BF3BF3 /* LaunchScreen.storyboard */,
				B5C8DB0B239123D500BF3BF3 /* Info.plist */,
				B5C8DB0C239123D500BF3BF3 /* main.m */,
			);
			path = SonarOCRule;
			sourceTree = "<group>";
		};
/* End PBXGroup section */

/* Begin PBXNativeTarget section */
		B5C8DAF6239123D400BF3BF3 /* SonarOCRule */ = {
			isa = PBXNativeTarget;
			buildConfigurationList = B5C8DB10239123D500BF3BF3 /* Build configuration list for PBXNativeTarget "SonarOCRule" */;
			buildPhases = (
				B5C8DAF3239123D400BF3BF3 /* Sources */,
				B5C8DAF4239123D400BF3BF3 /* Frameworks */,
				B5C8DAF5239123D400BF3BF3 /* Resources */,
			);
			buildRules = (
			);
			dependencies = (
			);
			name = SonarOCRule;
			productName = SonarOCRule;
			productReference = B5C8DAF7239123D400BF3BF3 /* SonarOCRule.app */;
			productType = "com.apple.product-type.application";
		};
/* End PBXNativeTarget section */

/* Begin PBXProject section */
		B5C8DAEF239123D400BF3BF3 /* Project object */ = {
			isa = PBXProject;
			attributes = {
				LastUpgradeCheck = 1110;
				ORGANIZATIONNAME = dengchaojie;
				TargetAttributes = {
					B5C8DAF6239123D400BF3BF3 = {
						CreatedOnToolsVersion = 11.1;
					};
				};
			};
			buildConfigurationList = B5C8DAF2239123D400BF3BF3 /* Build configuration list for PBXProject "SonarOCRule" */;
			compatibilityVersion = "Xcode 9.3";
			developmentRegion = en;
			hasScannedForEncodings = 0;
			knownRegions = (
				en,
				Base,
			);
			mainGroup = B5C8DAEE239123D400BF3BF3;
			productRefGroup = B5C8DAF8239123D400BF3BF3 /* Products */;
			projectDirPath = "";
			projectRoot = "";
			targets = (
				B5C8DAF6239123D400BF3BF3 /* SonarOCRule */,
			);
		};
/* End PBXProject section */

/* Begin PBXResourcesBuildPhase section */
		B5C8DAF5239123D400BF3BF3 /* Resources */ = {
			isa = PBXResourcesBuildPhase;
			buildActionMask = 2147483647;
			files = (
				B5C8DB0A239123D500BF3BF3 /* LaunchScreen.storyboard in Resources */,
				B5C8DB07239123D500BF3BF3 /* Assets.xcassets in Resources */,
				B5C8DB05239123D400BF3BF3 /* Main.storyboard in Resources */,
			);
			runOnlyForDeploymentPostprocessing = 0;
		};
/* End PBXResourcesBuildPhase section */

/* Begin PBXSourcesBuildPhase section */
		B5C8DAF3239123D400BF3BF3 /* Sources */ = {
			isa = PBXSourcesBuildPhase;
			buildActionMask = 2147483647;
			files = (
				B5C8DB02239123D400BF3BF3 /* ViewController.m in Sources */,
				B5C8DAFC239123D400BF3BF3 /* AppDelegate.m in Sources */,
				B5C8DB0D239123D500BF3BF3 /* main.m in Sources */,
				B5C8DAFF239123D400BF3BF3 /* SceneDelegate.m in Sources */,
			);
			runOnlyForDeploymentPostprocessing = 0;
		};
/* End PBXSourcesBuildPhase section */

/* Begin PBXVariantGroup section */
		B5C8DB03239123D400BF3BF3 /* Main.storyboard */ = {
			isa = PBXVariantGroup;
			children = (
				B5C8DB04239123D400BF3BF3 /* Base */,
			);
			name = Main.storyboard;
			sourceTree = "<group>";
		};
		B5C8DB08239123D500BF3BF3 /* LaunchScreen.storyboard */ = {
			isa = PBXVariantGroup;
			children = (
				B5C8DB09239123D500BF3BF3 /* Base */,
			);
			name = LaunchScreen.storyboard;
			sourceTree = "<group>";
		};
/* End PBXVariantGroup section */

/* Begin XCBuildConfiguration section */
		B5C8DB0E239123D500BF3BF3 /* Debug */ = {
			isa = XCBuildConfiguration;
			buildSettings = {
				ALWAYS_SEARCH_USER_PATHS = NO;
				CLANG_ANALYZER_NONNULL = YES;
				CLANG_ANALYZER_NUMBER_OBJECT_CONVERSION = YES_AGGRESSIVE;
				CLANG_CXX_LANGUAGE_STANDARD = "gnu++14";
				CLANG_CXX_LIBRARY = "libc++";
				CLANG_ENABLE_MODULES = YES;
				CLANG_ENABLE_OBJC_ARC = YES;
				CLANG_ENABLE_OBJC_WEAK = YES;
				CLANG_WARN_BLOCK_CAPTURE_AUTORELEASING = YES;
				CLANG_WARN_BOOL_CONVERSION = YES;
				CLANG_WARN_COMMA = YES;
				CLANG_WARN_CONSTANT_CONVERSION = YES;
				CLANG_WARN_DEPRECATED_OBJC_IMPLEMENTATIONS = YES;
				CLANG_WARN_DIRECT_OBJC_ISA_USAGE = YES_ERROR;
				CLANG_WARN_DOCUMENTATION_COMMENTS = YES;
				CLANG_WARN_EMPTY_BODY = YES;
				CLANG_WARN_ENUM_CONVERSION = YES;
				CLANG_WARN_INFINITE_RECURSION = YES;
				CLANG_WARN_INT_CONVERSION = YES;
				CLANG_WARN_NON_LITERAL_NULL_CONVERSION = YES;
				CLANG_WARN_OBJC_IMPLICIT_RETAIN_SELF = YES;
				CLANG_WARN_OBJC_LITERAL_CONVERSION = YES;
				CLANG_WARN_OBJC_ROOT_CLASS = YES_ERROR;
				CLANG_WARN_RANGE_LOOP_ANALYSIS = YES;
				CLANG_WARN_STRICT_PROTOTYPES = YES;
				CLANG_WARN_SUSPICIOUS_MOVE = YES;
				CLANG_WARN_UNGUARDED_AVAILABILITY = YES_AGGRESSIVE;
				CLANG_WARN_UNREACHABLE_CODE = YES;
				CLANG_WARN__DUPLICATE_METHOD_MATCH = YES;
				COPY_PHASE_STRIP = NO;
				DEBUG_INFORMATION_FORMAT = dwarf;
				ENABLE_STRICT_OBJC_MSGSEND = YES;
				ENABLE_TESTABILITY = YES;
				GCC_C_LANGUAGE_STANDARD = gnu11;
				GCC_DYNAMIC_NO_PIC = NO;
				GCC_NO_COMMON_BLOCKS = YES;
				GCC_OPTIMIZATION_LEVEL = 0;
				GCC_PREPROCESSOR_DEFINITIONS = (
					"DEBUG=1",
					"$(inherited)",
				);
				GCC_WARN_64_TO_32_BIT_CONVERSION = YES;
				GCC_WARN_ABOUT_RETURN_TYPE = YES_ERROR;
				GCC_WARN_UNDECLARED_SELECTOR = YES;
				GCC_WARN_UNINITIALIZED_AUTOS = YES_AGGRESSIVE;
				GCC_WARN_UNUSED_FUNCTION = YES;
				GCC_WARN_UNUSED_VARIABLE = YES;
				IPHONEOS_DEPLOYMENT_TARGET = 13.1;
				MTL_ENABLE_DEBUG_INFO = INCLUDE_SOURCE;
				MTL_FAST_MATH = YES;
				ONLY_ACTIVE_ARCH = YES;
				SDKROOT = iphoneos;
			};
			name = Debug;
		};
		B5C8DB0F239123D500BF3BF3 /* Release */ = {
			isa = XCBuildConfiguration;
			buildSettings = {
				ALWAYS_SEARCH_USER_PATHS = NO;
				CLANG_ANALYZER_NONNULL = YES;
				CLANG_ANALYZER_NUMBER_OBJECT_CONVERSION = YES_AGGRESSIVE;
				CLANG_CXX_LANGUAGE_STANDARD = "gnu++14";
				CLANG_CXX_LIBRARY = "libc++";
				CLANG_ENABLE_MODULES = YES;
				CLANG_ENABLE_OBJC_ARC = YES;
				CLANG_ENABLE_OBJC_WEAK = YES;
				CLANG_WARN_BLOCK_CAPTURE_AUTORELEASING = YES;
				CLANG_WARN_BOOL_CONVERSION = YES;
				CLANG_WARN_COMMA = YES;
				CLANG_WARN_CONSTANT_CONVERSION = YES;
				CLANG_WARN_DEPRECATED_OBJC_IMPLEMENTATIONS = YES;
				CLANG_WARN_DIRECT_OBJC_ISA_USAGE = YES_ERROR;
				CLANG_WARN_DOCUMENTATION_COMMENTS = YES;
				CLANG_WARN_EMPTY_BODY = YES;
				CLANG_WARN_ENUM_CONVERSION = YES;
				CLANG_WARN_INFINITE_RECURSION = YES;
				CLANG_WARN_INT_CONVERSION = YES;
				CLANG_WARN_NON_LITERAL_NULL_CONVERSION = YES;
				CLANG_WARN_OBJC_IMPLICIT_RETAIN_SELF = YES;
				CLANG_WARN_OBJC_LITERAL_CONVERSION = YES;
				CLANG_WARN_OBJC_ROOT_CLASS = YES_ERROR;
				CLANG_WARN_RANGE_LOOP_ANALYSIS = YES;
				CLANG_WARN_STRICT_PROTOTYPES = YES;
				CLANG_WARN_SUSPICIOUS_MOVE = YES;
				CLANG_WARN_UNGUARDED_AVAILABILITY = YES_AGGRESSIVE;
				CLANG_WARN_UNREACHABLE_CODE = YES;
				CLANG_WARN__DUPLICATE_METHOD_MATCH = YES;
				COPY_PHASE_STRIP = NO;
				DEBUG_INFORMATION_FORMAT = "dwarf-with-dsym";
				ENABLE_NS_ASSERTIONS = NO;
				ENABLE_STRICT_OBJC_MSGSEND = YES;
				GCC_C_LANGUAGE_STANDARD = gnu11;
				GCC_NO_COMMON_BLOCKS = YES;
				GCC_WARN_64_TO_32_BIT_CONVERSION = YES;
				GCC_WARN_ABOUT_RETURN_TYPE = YES_ERROR;
				GCC_WARN_UNDECLARED_SELECTOR = YES;
				GCC_WARN_UNINITIALIZED_AUTOS = YES_AGGRESSIVE;
				GCC_WARN_UNUSED_FUNCTION = YES;
				GCC_WARN_UNUSED_VARIABLE = YES;
				IPHONEOS_DEPLOYMENT_TARGET = 13.1;
				MTL_ENABLE_DEBUG_INFO = NO;
				MTL_FAST_MATH = YES;
				SDKROOT = iphoneos;
				VALIDATE_PRODUCT = YES;
			};
			name = Release;
		};
		B5C8DB11239123D500BF3BF3 /* Debug */ = {
			isa = XCBuildConfiguration;
			buildSettings = {
				ASSETCATALOG_COMPILER_APPICON_NAME = AppIcon;
				CODE_SIGN_STYLE = Automatic;
				DEVELOPMENT_TEAM = CBDRQW8BL9;
				INFOPLIST_FILE = SonarOCRule/Info.plist;
				LD_RUNPATH_SEARCH_PATHS = (
					"$(inherited)",
					"@executable_path/Frameworks",
				);
				PRODUCT_BUNDLE_IDENTIFIER = com.dcj.SonarOCRule;
				PRODUCT_NAME = "$(TARGET_NAME)";
				TARGETED_DEVICE_FAMILY = "1,2";
			};
			name = Debug;
		};
		B5C8DB12239123D500BF3BF3 /* Release */ = {
			isa = XCBuildConfiguration;
			buildSettings = {
				ASSETCATALOG_COMPILER_APPICON_NAME = AppIcon;
				CODE_SIGN_STYLE = Automatic;
				DEVELOPMENT_TEAM = CBDRQW8BL9;
				INFOPLIST_FILE = SonarOCRule/Info.plist;
				LD_RUNPATH_SEARCH_PATHS = (
					"$(inherited)",
					"@executable_path/Frameworks",
				);
				PRODUCT_BUNDLE_IDENTIFIER = com.dcj.SonarOCRule;
				PRODUCT_NAME = "$(TARGET_NAME)";
				TARGETED_DEVICE_FAMILY = "1,2";
			};
			name = Release;
		};
/* End XCBuildConfiguration section */

/* Begin XCConfigurationList section */
		B5C8DAF2239123D400BF3BF3 /* Build configuration list for PBXProject "SonarOCRule" */ = {
			isa = XCConfigurationList;
			buildConfigurations = (
				B5C8DB0E239123D500BF3BF3 /* Debug */,
				B5C8DB0F239123D500BF3BF3 /* Release */,
			);
			defaultConfigurationIsVisible = 0;
			defaultConfigurationName = Release;
		};
		B5C8DB10239123D500BF3BF3 /* Build configuration list for PBXNativeTarget "SonarOCRule" */ = {
			isa = XCConfigurationList;
			buildConfigurations = (
				B5C8DB11239123D500BF3BF3 /* Debug */,
				B5C8DB12239123D500BF3BF3 /* Release */,
			);
			defaultConfigurationIsVisible = 0;
			defaultConfigurationName = Release;
		};
/* End XCConfigurationList section */
	};
	rootObject = B5C8DAEF239123D400BF3BF3 /* Project object */;
}
