// !$*UTF8*$!
{
	archiveVersion = 1;
	classes = {
	};
	objectVersion = 50;
	objects = {

/* Begin PBXBuildFile section */
		C13B7679238B519E00DDFC01 /* AppDelegate.m in Sources */ = {isa = PBXBuildFile; fileRef = C13B7678238B519E00DDFC01 /* AppDelegate.m */; };
		C13B767C238B519E00DDFC01 /* SceneDelegate.m in Sources */ = {isa = PBXBuildFile; fileRef = C13B767B238B519E00DDFC01 /* SceneDelegate.m */; };
		C13B767F238B519E00DDFC01 /* ViewController.m in Sources */ = {isa = PBXBuildFile; fileRef = C13B767E238B519E00DDFC01 /* ViewController.m */; };
		C13B7682238B519E00DDFC01 /* Main.storyboard in Resources */ = {isa = PBXBuildFile; fileRef = C13B7680238B519E00DDFC01 /* Main.storyboard */; };
		C13B7684238B51A000DDFC01 /* Assets.xcassets in Resources */ = {isa = PBXBuildFile; fileRef = C13B7683238B51A000DDFC01 /* Assets.xcassets */; };
		C13B7687238B51A000DDFC01 /* LaunchScreen.storyboard in Resources */ = {isa = PBXBuildFile; fileRef = C13B7685238B51A000DDFC01 /* LaunchScreen.storyboard */; };
		C13B768A238B51A000DDFC01 /* main.m in Sources */ = {isa = PBXBuildFile; fileRef = C13B7689238B51A000DDFC01 /* main.m */; };
		C13B7693238B51FA00DDFC01 /* DetailViewController.m in Sources */ = {isa = PBXBuildFile; fileRef = C13B7692238B51FA00DDFC01 /* DetailViewController.m */; };
		C13B7696238B520300DDFC01 /* ListViewController.m in Sources */ = {isa = PBXBuildFile; fileRef = C13B7695238B520300DDFC01 /* ListViewController.m */; };
		C13B7699238B524300DDFC01 /* Mediator.m in Sources */ = {isa = PBXBuildFile; fileRef = C13B7698238B524300DDFC01 /* Mediator.m */; };
/* End PBXBuildFile section */

/* Begin PBXFileReference section */
		C13B7674238B519E00DDFC01 /* DemoZuJianHua.app */ = {isa = PBXFileReference; explicitFileType = wrapper.application; includeInIndex = 0; path = DemoZuJianHua.app; sourceTree = BUILT_PRODUCTS_DIR; };
		C13B7677238B519E00DDFC01 /* AppDelegate.h */ = {isa = PBXFileReference; lastKnownFileType = sourcecode.c.h; path = AppDelegate.h; sourceTree = "<group>"; };
		C13B7678238B519E00DDFC01 /* AppDelegate.m */ = {isa = PBXFileReference; lastKnownFileType = sourcecode.c.objc; path = AppDelegate.m; sourceTree = "<group>"; };
		C13B767A238B519E00DDFC01 /* SceneDelegate.h */ = {isa = PBXFileReference; lastKnownFileType = sourcecode.c.h; path = SceneDelegate.h; sourceTree = "<group>"; };
		C13B767B238B519E00DDFC01 /* SceneDelegate.m */ = {isa = PBXFileReference; lastKnownFileType = sourcecode.c.objc; path = SceneDelegate.m; sourceTree = "<group>"; };
		C13B767D238B519E00DDFC01 /* ViewController.h */ = {isa = PBXFileReference; lastKnownFileType = sourcecode.c.h; path = ViewController.h; sourceTree = "<group>"; };
		C13B767E238B519E00DDFC01 /* ViewController.m */ = {isa = PBXFileReference; lastKnownFileType = sourcecode.c.objc; path = ViewController.m; sourceTree = "<group>"; };
		C13B7681238B519E00DDFC01 /* Base */ = {isa = PBXFileReference; lastKnownFileType = file.storyboard; name = Base; path = Base.lproj/Main.storyboard; sourceTree = "<group>"; };
		C13B7683238B51A000DDFC01 /* Assets.xcassets */ = {isa = PBXFileReference; lastKnownFileType = folder.assetcatalog; path = Assets.xcassets; sourceTree = "<group>"; };
		C13B7686238B51A000DDFC01 /* Base */ = {isa = PBXFileReference; lastKnownFileType = file.storyboard; name = Base; path = Base.lproj/LaunchScreen.storyboard; sourceTree = "<group>"; };
		C13B7688238B51A000DDFC01 /* Info.plist */ = {isa = PBXFileReference; lastKnownFileType = text.plist.xml; path = Info.plist; sourceTree = "<group>"; };
		C13B7689238B51A000DDFC01 /* main.m */ = {isa = PBXFileReference; lastKnownFileType = sourcecode.c.objc; path = main.m; sourceTree = "<group>"; };
		C13B7691238B51FA00DDFC01 /* DetailViewController.h */ = {isa = PBXFileReference; lastKnownFileType = sourcecode.c.h; path = DetailViewController.h; sourceTree = "<group>"; };
		C13B7692238B51FA00DDFC01 /* DetailViewController.m */ = {isa = PBXFileReference; lastKnownFileType = sourcecode.c.objc; path = DetailViewController.m; sourceTree = "<group>"; };
		C13B7694238B520300DDFC01 /* ListViewController.h */ = {isa = PBXFileReference; lastKnownFileType = sourcecode.c.h; path = ListViewController.h; sourceTree = "<group>"; };
		C13B7695238B520300DDFC01 /* ListViewController.m */ = {isa = PBXFileReference; lastKnownFileType = sourcecode.c.objc; path = ListViewController.m; sourceTree = "<group>"; };
		C13B7697238B524300DDFC01 /* Mediator.h */ = {isa = PBXFileReference; lastKnownFileType = sourcecode.c.h; path = Mediator.h; sourceTree = "<group>"; };
		C13B7698238B524300DDFC01 /* Mediator.m */ = {isa = PBXFileReference; lastKnownFileType = sourcecode.c.objc; path = Mediator.m; sourceTree = "<group>"; };
/* End PBXFileReference section */

/* Begin PBXFrameworksBuildPhase section */
		C13B7671238B519E00DDFC01 /* Frameworks */ = {
			isa = PBXFrameworksBuildPhase;
			buildActionMask = 2147483647;
			files = (
			);
			runOnlyForDeploymentPostprocessing = 0;
		};
/* End PBXFrameworksBuildPhase section */

/* Begin PBXGroup section */
		C13B766B238B519E00DDFC01 = {
			isa = PBXGroup;
			children = (
				C13B7676238B519E00DDFC01 /* DemoZuJianHua */,
				C13B7675238B519E00DDFC01 /* Products */,
			);
			sourceTree = "<group>";
		};
		C13B7675238B519E00DDFC01 /* Products */ = {
			isa = PBXGroup;
			children = (
				C13B7674238B519E00DDFC01 /* DemoZuJianHua.app */,
			);
			name = Products;
			sourceTree = "<group>";
		};
		C13B7676238B519E00DDFC01 /* DemoZuJianHua */ = {
			isa = PBXGroup;
			children = (
				C13B7690238B51C300DDFC01 /* Adapter */,
				C13B7677238B519E00DDFC01 /* AppDelegate.h */,
				C13B7678238B519E00DDFC01 /* AppDelegate.m */,
				C13B767A238B519E00DDFC01 /* SceneDelegate.h */,
				C13B767B238B519E00DDFC01 /* SceneDelegate.m */,
				C13B767D238B519E00DDFC01 /* ViewController.h */,
				C13B767E238B519E00DDFC01 /* ViewController.m */,
				C13B7680238B519E00DDFC01 /* Main.storyboard */,
				C13B7683238B51A000DDFC01 /* Assets.xcassets */,
				C13B7685238B51A000DDFC01 /* LaunchScreen.storyboard */,
				C13B7688238B51A000DDFC01 /* Info.plist */,
				C13B7689238B51A000DDFC01 /* main.m */,
				C13B7691238B51FA00DDFC01 /* DetailViewController.h */,
				C13B7692238B51FA00DDFC01 /* DetailViewController.m */,
				C13B7694238B520300DDFC01 /* ListViewController.h */,
				C13B7695238B520300DDFC01 /* ListViewController.m */,
			);
			path = DemoZuJianHua;
			sourceTree = "<group>";
		};
		C13B7690238B51C300DDFC01 /* Adapter */ = {
			isa = PBXGroup;
			children = (
				C13B7697238B524300DDFC01 /* Mediator.h */,
				C13B7698238B524300DDFC01 /* Mediator.m */,
			);
			path = Adapter;
			sourceTree = "<group>";
		};
/* End PBXGroup section */

/* Begin PBXNativeTarget section */
		C13B7673238B519E00DDFC01 /* DemoZuJianHua */ = {
			isa = PBXNativeTarget;
			buildConfigurationList = C13B768D238B51A000DDFC01 /* Build configuration list for PBXNativeTarget "DemoZuJianHua" */;
			buildPhases = (
				C13B7670238B519E00DDFC01 /* Sources */,
				C13B7671238B519E00DDFC01 /* Frameworks */,
				C13B7672238B519E00DDFC01 /* Resources */,
			);
			buildRules = (
			);
			dependencies = (
			);
			name = DemoZuJianHua;
			productName = DemoZuJianHua;
			productReference = C13B7674238B519E00DDFC01 /* DemoZuJianHua.app */;
			productType = "com.apple.product-type.application";
		};
/* End PBXNativeTarget section */

/* Begin PBXProject section */
		C13B766C238B519E00DDFC01 /* Project object */ = {
			isa = PBXProject;
			attributes = {
				LastUpgradeCheck = 1110;
				ORGANIZATIONNAME = "chao jie deng";
				TargetAttributes = {
					C13B7673238B519E00DDFC01 = {
						CreatedOnToolsVersion = 11.1;
					};
				};
			};
			buildConfigurationList = C13B766F238B519E00DDFC01 /* Build configuration list for PBXProject "DemoZuJianHua" */;
			compatibilityVersion = "Xcode 9.3";
			developmentRegion = en;
			hasScannedForEncodings = 0;
			knownRegions = (
				en,
				Base,
			);
			mainGroup = C13B766B238B519E00DDFC01;
			productRefGroup = C13B7675238B519E00DDFC01 /* Products */;
			projectDirPath = "";
			projectRoot = "";
			targets = (
				C13B7673238B519E00DDFC01 /* DemoZuJianHua */,
			);
		};
/* End PBXProject section */

/* Begin PBXResourcesBuildPhase section */
		C13B7672238B519E00DDFC01 /* Resources */ = {
			isa = PBXResourcesBuildPhase;
			buildActionMask = 2147483647;
			files = (
				C13B7687238B51A000DDFC01 /* LaunchScreen.storyboard in Resources */,
				C13B7684238B51A000DDFC01 /* Assets.xcassets in Resources */,
				C13B7682238B519E00DDFC01 /* Main.storyboard in Resources */,
			);
			runOnlyForDeploymentPostprocessing = 0;
		};
/* End PBXResourcesBuildPhase section */

/* Begin PBXSourcesBuildPhase section */
		C13B7670238B519E00DDFC01 /* Sources */ = {
			isa = PBXSourcesBuildPhase;
			buildActionMask = 2147483647;
			files = (
				C13B7693238B51FA00DDFC01 /* DetailViewController.m in Sources */,
				C13B767F238B519E00DDFC01 /* ViewController.m in Sources */,
				C13B7696238B520300DDFC01 /* ListViewController.m in Sources */,
				C13B7699238B524300DDFC01 /* Mediator.m in Sources */,
				C13B7679238B519E00DDFC01 /* AppDelegate.m in Sources */,
				C13B768A238B51A000DDFC01 /* main.m in Sources */,
				C13B767C238B519E00DDFC01 /* SceneDelegate.m in Sources */,
			);
			runOnlyForDeploymentPostprocessing = 0;
		};
/* End PBXSourcesBuildPhase section */

/* Begin PBXVariantGroup section */
		C13B7680238B519E00DDFC01 /* Main.storyboard */ = {
			isa = PBXVariantGroup;
			children = (
				C13B7681238B519E00DDFC01 /* Base */,
			);
			name = Main.storyboard;
			sourceTree = "<group>";
		};
		C13B7685238B51A000DDFC01 /* LaunchScreen.storyboard */ = {
			isa = PBXVariantGroup;
			children = (
				C13B7686238B51A000DDFC01 /* Base */,
			);
			name = LaunchScreen.storyboard;
			sourceTree = "<group>";
		};
/* End PBXVariantGroup section */

/* Begin XCBuildConfiguration section */
		C13B768B238B51A000DDFC01 /* Debug */ = {
			isa = XCBuildConfiguration;
			buildSettings = {
				ALWAYS_SEARCH_USER_PATHS = NO;
				CLANG_ANALYZER_NONNULL = YES;
				CLANG_ANALYZER_NUMBER_OBJECT_CONVERSION = YES_AGGRESSIVE;
				CLANG_CXX_LANGUAGE_STANDARD = "gnu++14";
				CLANG_CXX_LIBRARY = "libc++";
				CLANG_ENABLE_MODULES = YES;
				CLANG_ENABLE_OBJC_ARC = YES;
				CLANG_ENABLE_OBJC_WEAK = YES;
				CLANG_WARN_BLOCK_CAPTURE_AUTORELEASING = YES;
				CLANG_WARN_BOOL_CONVERSION = YES;
				CLANG_WARN_COMMA = YES;
				CLANG_WARN_CONSTANT_CONVERSION = YES;
				CLANG_WARN_DEPRECATED_OBJC_IMPLEMENTATIONS = YES;
				CLANG_WARN_DIRECT_OBJC_ISA_USAGE = YES_ERROR;
				CLANG_WARN_DOCUMENTATION_COMMENTS = YES;
				CLANG_WARN_EMPTY_BODY = YES;
				CLANG_WARN_ENUM_CONVERSION = YES;
				CLANG_WARN_INFINITE_RECURSION = YES;
				CLANG_WARN_INT_CONVERSION = YES;
				CLANG_WARN_NON_LITERAL_NULL_CONVERSION = YES;
				CLANG_WARN_OBJC_IMPLICIT_RETAIN_SELF = YES;
				CLANG_WARN_OBJC_LITERAL_CONVERSION = YES;
				CLANG_WARN_OBJC_ROOT_CLASS = YES_ERROR;
				CLANG_WARN_RANGE_LOOP_ANALYSIS = YES;
				CLANG_WARN_STRICT_PROTOTYPES = YES;
				CLANG_WARN_SUSPICIOUS_MOVE = YES;
				CLANG_WARN_UNGUARDED_AVAILABILITY = YES_AGGRESSIVE;
				CLANG_WARN_UNREACHABLE_CODE = YES;
				CLANG_WARN__DUPLICATE_METHOD_MATCH = YES;
				COPY_PHASE_STRIP = NO;
				DEBUG_INFORMATION_FORMAT = dwarf;
				ENABLE_STRICT_OBJC_MSGSEND = YES;
				ENABLE_TESTABILITY = YES;
				GCC_C_LANGUAGE_STANDARD = gnu11;
				GCC_DYNAMIC_NO_PIC = NO;
				GCC_NO_COMMON_BLOCKS = YES;
				GCC_OPTIMIZATION_LEVEL = 0;
				GCC_PREPROCESSOR_DEFINITIONS = (
					"DEBUG=1",
					"$(inherited)",
				);
				GCC_WARN_64_TO_32_BIT_CONVERSION = YES;
				GCC_WARN_ABOUT_RETURN_TYPE = YES_ERROR;
				GCC_WARN_UNDECLARED_SELECTOR = YES;
				GCC_WARN_UNINITIALIZED_AUTOS = YES_AGGRESSIVE;
				GCC_WARN_UNUSED_FUNCTION = YES;
				GCC_WARN_UNUSED_VARIABLE = YES;
				IPHONEOS_DEPLOYMENT_TARGET = 13.1;
				MTL_ENABLE_DEBUG_INFO = INCLUDE_SOURCE;
				MTL_FAST_MATH = YES;
				ONLY_ACTIVE_ARCH = YES;
				SDKROOT = iphoneos;
			};
			name = Debug;
		};
		C13B768C238B51A000DDFC01 /* Release */ = {
			isa = XCBuildConfiguration;
			buildSettings = {
				ALWAYS_SEARCH_USER_PATHS = NO;
				CLANG_ANALYZER_NONNULL = YES;
				CLANG_ANALYZER_NUMBER_OBJECT_CONVERSION = YES_AGGRESSIVE;
				CLANG_CXX_LANGUAGE_STANDARD = "gnu++14";
				CLANG_CXX_LIBRARY = "libc++";
				CLANG_ENABLE_MODULES = YES;
				CLANG_ENABLE_OBJC_ARC = YES;
				CLANG_ENABLE_OBJC_WEAK = YES;
				CLANG_WARN_BLOCK_CAPTURE_AUTORELEASING = YES;
				CLANG_WARN_BOOL_CONVERSION = YES;
				CLANG_WARN_COMMA = YES;
				CLANG_WARN_CONSTANT_CONVERSION = YES;
				CLANG_WARN_DEPRECATED_OBJC_IMPLEMENTATIONS = YES;
				CLANG_WARN_DIRECT_OBJC_ISA_USAGE = YES_ERROR;
				CLANG_WARN_DOCUMENTATION_COMMENTS = YES;
				CLANG_WARN_EMPTY_BODY = YES;
				CLANG_WARN_ENUM_CONVERSION = YES;
				CLANG_WARN_INFINITE_RECURSION = YES;
				CLANG_WARN_INT_CONVERSION = YES;
				CLANG_WARN_NON_LITERAL_NULL_CONVERSION = YES;
				CLANG_WARN_OBJC_IMPLICIT_RETAIN_SELF = YES;
				CLANG_WARN_OBJC_LITERAL_CONVERSION = YES;
				CLANG_WARN_OBJC_ROOT_CLASS = YES_ERROR;
				CLANG_WARN_RANGE_LOOP_ANALYSIS = YES;
				CLANG_WARN_STRICT_PROTOTYPES = YES;
				CLANG_WARN_SUSPICIOUS_MOVE = YES;
				CLANG_WARN_UNGUARDED_AVAILABILITY = YES_AGGRESSIVE;
				CLANG_WARN_UNREACHABLE_CODE = YES;
				CLANG_WARN__DUPLICATE_METHOD_MATCH = YES;
				COPY_PHASE_STRIP = NO;
				DEBUG_INFORMATION_FORMAT = "dwarf-with-dsym";
				ENABLE_NS_ASSERTIONS = NO;
				ENABLE_STRICT_OBJC_MSGSEND = YES;
				GCC_C_LANGUAGE_STANDARD = gnu11;
				GCC_NO_COMMON_BLOCKS = YES;
				GCC_WARN_64_TO_32_BIT_CONVERSION = YES;
				GCC_WARN_ABOUT_RETURN_TYPE = YES_ERROR;
				GCC_WARN_UNDECLARED_SELECTOR = YES;
				GCC_WARN_UNINITIALIZED_AUTOS = YES_AGGRESSIVE;
				GCC_WARN_UNUSED_FUNCTION = YES;
				GCC_WARN_UNUSED_VARIABLE = YES;
				IPHONEOS_DEPLOYMENT_TARGET = 13.1;
				MTL_ENABLE_DEBUG_INFO = NO;
				MTL_FAST_MATH = YES;
				SDKROOT = iphoneos;
				VALIDATE_PRODUCT = YES;
			};
			name = Release;
		};
		C13B768E238B51A000DDFC01 /* Debug */ = {
			isa = XCBuildConfiguration;
			buildSettings = {
				ASSETCATALOG_COMPILER_APPICON_NAME = AppIcon;
				CODE_SIGN_STYLE = Automatic;
				INFOPLIST_FILE = DemoZuJianHua/Info.plist;
				LD_RUNPATH_SEARCH_PATHS = (
					"$(inherited)",
					"@executable_path/Frameworks",
				);
				PRODUCT_BUNDLE_IDENTIFIER = com.dcj.DemoZuJianHua;
				PRODUCT_NAME = "$(TARGET_NAME)";
				TARGETED_DEVICE_FAMILY = "1,2";
			};
			name = Debug;
		};
		C13B768F238B51A000DDFC01 /* Release */ = {
			isa = XCBuildConfiguration;
			buildSettings = {
				ASSETCATALOG_COMPILER_APPICON_NAME = AppIcon;
				CODE_SIGN_STYLE = Automatic;
				INFOPLIST_FILE = DemoZuJianHua/Info.plist;
				LD_RUNPATH_SEARCH_PATHS = (
					"$(inherited)",
					"@executable_path/Frameworks",
				);
				PRODUCT_BUNDLE_IDENTIFIER = com.dcj.DemoZuJianHua;
				PRODUCT_NAME = "$(TARGET_NAME)";
				TARGETED_DEVICE_FAMILY = "1,2";
			};
			name = Release;
		};
/* End XCBuildConfiguration section */

/* Begin XCConfigurationList section */
		C13B766F238B519E00DDFC01 /* Build configuration list for PBXProject "DemoZuJianHua" */ = {
			isa = XCConfigurationList;
			buildConfigurations = (
				C13B768B238B51A000DDFC01 /* Debug */,
				C13B768C238B51A000DDFC01 /* Release */,
			);
			defaultConfigurationIsVisible = 0;
			defaultConfigurationName = Release;
		};
		C13B768D238B51A000DDFC01 /* Build configuration list for PBXNativeTarget "DemoZuJianHua" */ = {
			isa = XCConfigurationList;
			buildConfigurations = (
				C13B768E238B51A000DDFC01 /* Debug */,
				C13B768F238B51A000DDFC01 /* Release */,
			);
			defaultConfigurationIsVisible = 0;
			defaultConfigurationName = Release;
		};
/* End XCConfigurationList section */
	};
	rootObject = C13B766C238B519E00DDFC01 /* Project object */;
}
