// !$*UTF8*$!
{
	archiveVersion = 1;
	classes = {
	};
	objectVersion = 50;
	objects = {

/* Begin PBXBuildFile section */
		C1B0DC7E233EEE5200C9BD00 /* AppDelegate.swift in Sources */ = {isa = PBXBuildFile; fileRef = C1B0DC7D233EEE5200C9BD00 /* AppDelegate.swift */; };
		C1B0DC80233EEE5200C9BD00 /* ViewController.swift in Sources */ = {isa = PBXBuildFile; fileRef = C1B0DC7F233EEE5200C9BD00 /* ViewController.swift */; };
		C1B0DC83233EEE5200C9BD00 /* Main.storyboard in Resources */ = {isa = PBXBuildFile; fileRef = C1B0DC81233EEE5200C9BD00 /* Main.storyboard */; };
		C1B0DC85233EEE5300C9BD00 /* Assets.xcassets in Resources */ = {isa = PBXBuildFile; fileRef = C1B0DC84233EEE5300C9BD00 /* Assets.xcassets */; };
		C1B0DC88233EEE5300C9BD00 /* LaunchScreen.storyboard in Resources */ = {isa = PBXBuildFile; fileRef = C1B0DC86233EEE5300C9BD00 /* LaunchScreen.storyboard */; };
/* End PBXBuildFile section */

/* Begin PBXFileReference section */
		C1B0DC7A233EEE5200C9BD00 /* CombineMVVM.app */ = {isa = PBXFileReference; explicitFileType = wrapper.application; includeInIndex = 0; path = CombineMVVM.app; sourceTree = BUILT_PRODUCTS_DIR; };
		C1B0DC7D233EEE5200C9BD00 /* AppDelegate.swift */ = {isa = PBXFileReference; lastKnownFileType = sourcecode.swift; path = AppDelegate.swift; sourceTree = "<group>"; };
		C1B0DC7F233EEE5200C9BD00 /* ViewController.swift */ = {isa = PBXFileReference; lastKnownFileType = sourcecode.swift; path = ViewController.swift; sourceTree = "<group>"; };
		C1B0DC82233EEE5200C9BD00 /* Base */ = {isa = PBXFileReference; lastKnownFileType = file.storyboard; name = Base; path = Base.lproj/Main.storyboard; sourceTree = "<group>"; };
		C1B0DC84233EEE5300C9BD00 /* Assets.xcassets */ = {isa = PBXFileReference; lastKnownFileType = folder.assetcatalog; path = Assets.xcassets; sourceTree = "<group>"; };
		C1B0DC87233EEE5300C9BD00 /* Base */ = {isa = PBXFileReference; lastKnownFileType = file.storyboard; name = Base; path = Base.lproj/LaunchScreen.storyboard; sourceTree = "<group>"; };
		C1B0DC89233EEE5300C9BD00 /* Info.plist */ = {isa = PBXFileReference; lastKnownFileType = text.plist.xml; path = Info.plist; sourceTree = "<group>"; };
/* End PBXFileReference section */

/* Begin PBXFrameworksBuildPhase section */
		C1B0DC77233EEE5200C9BD00 /* Frameworks */ = {
			isa = PBXFrameworksBuildPhase;
			buildActionMask = 2147483647;
			files = (
			);
			runOnlyForDeploymentPostprocessing = 0;
		};
/* End PBXFrameworksBuildPhase section */

/* Begin PBXGroup section */
		C1B0DC71233EEE5200C9BD00 = {
			isa = PBXGroup;
			children = (
				C1B0DC7C233EEE5200C9BD00 /* CombineMVVM */,
				C1B0DC7B233EEE5200C9BD00 /* Products */,
			);
			sourceTree = "<group>";
		};
		C1B0DC7B233EEE5200C9BD00 /* Products */ = {
			isa = PBXGroup;
			children = (
				C1B0DC7A233EEE5200C9BD00 /* CombineMVVM.app */,
			);
			name = Products;
			sourceTree = "<group>";
		};
		C1B0DC7C233EEE5200C9BD00 /* CombineMVVM */ = {
			isa = PBXGroup;
			children = (
				C1B0DC7D233EEE5200C9BD00 /* AppDelegate.swift */,
				C1B0DC7F233EEE5200C9BD00 /* ViewController.swift */,
				C1B0DC81233EEE5200C9BD00 /* Main.storyboard */,
				C1B0DC84233EEE5300C9BD00 /* Assets.xcassets */,
				C1B0DC86233EEE5300C9BD00 /* LaunchScreen.storyboard */,
				C1B0DC89233EEE5300C9BD00 /* Info.plist */,
			);
			path = CombineMVVM;
			sourceTree = "<group>";
		};
/* End PBXGroup section */

/* Begin PBXNativeTarget section */
		C1B0DC79233EEE5200C9BD00 /* CombineMVVM */ = {
			isa = PBXNativeTarget;
			buildConfigurationList = C1B0DC8C233EEE5300C9BD00 /* Build configuration list for PBXNativeTarget "CombineMVVM" */;
			buildPhases = (
				C1B0DC76233EEE5200C9BD00 /* Sources */,
				C1B0DC77233EEE5200C9BD00 /* Frameworks */,
				C1B0DC78233EEE5200C9BD00 /* Resources */,
			);
			buildRules = (
			);
			dependencies = (
			);
			name = CombineMVVM;
			productName = CombineMVVM;
			productReference = C1B0DC7A233EEE5200C9BD00 /* CombineMVVM.app */;
			productType = "com.apple.product-type.application";
		};
/* End PBXNativeTarget section */

/* Begin PBXProject section */
		C1B0DC72233EEE5200C9BD00 /* Project object */ = {
			isa = PBXProject;
			attributes = {
				LastSwiftUpdateCheck = 1030;
				LastUpgradeCheck = 1030;
				ORGANIZATIONNAME = "chao jie deng";
				TargetAttributes = {
					C1B0DC79233EEE5200C9BD00 = {
						CreatedOnToolsVersion = 10.3;
					};
				};
			};
			buildConfigurationList = C1B0DC75233EEE5200C9BD00 /* Build configuration list for PBXProject "CombineMVVM" */;
			compatibilityVersion = "Xcode 9.3";
			developmentRegion = en;
			hasScannedForEncodings = 0;
			knownRegions = (
				en,
				Base,
			);
			mainGroup = C1B0DC71233EEE5200C9BD00;
			productRefGroup = C1B0DC7B233EEE5200C9BD00 /* Products */;
			projectDirPath = "";
			projectRoot = "";
			targets = (
				C1B0DC79233EEE5200C9BD00 /* CombineMVVM */,
			);
		};
/* End PBXProject section */

/* Begin PBXResourcesBuildPhase section */
		C1B0DC78233EEE5200C9BD00 /* Resources */ = {
			isa = PBXResourcesBuildPhase;
			buildActionMask = 2147483647;
			files = (
				C1B0DC88233EEE5300C9BD00 /* LaunchScreen.storyboard in Resources */,
				C1B0DC85233EEE5300C9BD00 /* Assets.xcassets in Resources */,
				C1B0DC83233EEE5200C9BD00 /* Main.storyboard in Resources */,
			);
			runOnlyForDeploymentPostprocessing = 0;
		};
/* End PBXResourcesBuildPhase section */

/* Begin PBXSourcesBuildPhase section */
		C1B0DC76233EEE5200C9BD00 /* Sources */ = {
			isa = PBXSourcesBuildPhase;
			buildActionMask = 2147483647;
			files = (
				C1B0DC80233EEE5200C9BD00 /* ViewController.swift in Sources */,
				C1B0DC7E233EEE5200C9BD00 /* AppDelegate.swift in Sources */,
			);
			runOnlyForDeploymentPostprocessing = 0;
		};
/* End PBXSourcesBuildPhase section */

/* Begin PBXVariantGroup section */
		C1B0DC81233EEE5200C9BD00 /* Main.storyboard */ = {
			isa = PBXVariantGroup;
			children = (
				C1B0DC82233EEE5200C9BD00 /* Base */,
			);
			name = Main.storyboard;
			sourceTree = "<group>";
		};
		C1B0DC86233EEE5300C9BD00 /* LaunchScreen.storyboard */ = {
			isa = PBXVariantGroup;
			children = (
				C1B0DC87233EEE5300C9BD00 /* Base */,
			);
			name = LaunchScreen.storyboard;
			sourceTree = "<group>";
		};
/* End PBXVariantGroup section */

/* Begin XCBuildConfiguration section */
		C1B0DC8A233EEE5300C9BD00 /* Debug */ = {
			isa = XCBuildConfiguration;
			buildSettings = {
				ALWAYS_SEARCH_USER_PATHS = NO;
				CLANG_ANALYZER_NONNULL = YES;
				CLANG_ANALYZER_NUMBER_OBJECT_CONVERSION = YES_AGGRESSIVE;
				CLANG_CXX_LANGUAGE_STANDARD = "gnu++14";
				CLANG_CXX_LIBRARY = "libc++";
				CLANG_ENABLE_MODULES = YES;
				CLANG_ENABLE_OBJC_ARC = YES;
				CLANG_ENABLE_OBJC_WEAK = YES;
				CLANG_WARN_BLOCK_CAPTURE_AUTORELEASING = YES;
				CLANG_WARN_BOOL_CONVERSION = YES;
				CLANG_WARN_COMMA = YES;
				CLANG_WARN_CONSTANT_CONVERSION = YES;
				CLANG_WARN_DEPRECATED_OBJC_IMPLEMENTATIONS = YES;
				CLANG_WARN_DIRECT_OBJC_ISA_USAGE = YES_ERROR;
				CLANG_WARN_DOCUMENTATION_COMMENTS = YES;
				CLANG_WARN_EMPTY_BODY = YES;
				CLANG_WARN_ENUM_CONVERSION = YES;
				CLANG_WARN_INFINITE_RECURSION = YES;
				CLANG_WARN_INT_CONVERSION = YES;
				CLANG_WARN_NON_LITERAL_NULL_CONVERSION = YES;
				CLANG_WARN_OBJC_IMPLICIT_RETAIN_SELF = YES;
				CLANG_WARN_OBJC_LITERAL_CONVERSION = YES;
				CLANG_WARN_OBJC_ROOT_CLASS = YES_ERROR;
				CLANG_WARN_RANGE_LOOP_ANALYSIS = YES;
				CLANG_WARN_STRICT_PROTOTYPES = YES;
				CLANG_WARN_SUSPICIOUS_MOVE = YES;
				CLANG_WARN_UNGUARDED_AVAILABILITY = YES_AGGRESSIVE;
				CLANG_WARN_UNREACHABLE_CODE = YES;
				CLANG_WARN__DUPLICATE_METHOD_MATCH = YES;
				CODE_SIGN_IDENTITY = "iPhone Developer";
				COPY_PHASE_STRIP = NO;
				DEBUG_INFORMATION_FORMAT = dwarf;
				ENABLE_STRICT_OBJC_MSGSEND = YES;
				ENABLE_TESTABILITY = YES;
				GCC_C_LANGUAGE_STANDARD = gnu11;
				GCC_DYNAMIC_NO_PIC = NO;
				GCC_NO_COMMON_BLOCKS = YES;
				GCC_OPTIMIZATION_LEVEL = 0;
				GCC_PREPROCESSOR_DEFINITIONS = (
					"DEBUG=1",
					"$(inherited)",
				);
				GCC_WARN_64_TO_32_BIT_CONVERSION = YES;
				GCC_WARN_ABOUT_RETURN_TYPE = YES_ERROR;
				GCC_WARN_UNDECLARED_SELECTOR = YES;
				GCC_WARN_UNINITIALIZED_AUTOS = YES_AGGRESSIVE;
				GCC_WARN_UNUSED_FUNCTION = YES;
				GCC_WARN_UNUSED_VARIABLE = YES;
				IPHONEOS_DEPLOYMENT_TARGET = 12.4;
				MTL_ENABLE_DEBUG_INFO = INCLUDE_SOURCE;
				MTL_FAST_MATH = YES;
				ONLY_ACTIVE_ARCH = YES;
				SDKROOT = iphoneos;
				SWIFT_ACTIVE_COMPILATION_CONDITIONS = DEBUG;
				SWIFT_OPTIMIZATION_LEVEL = "-Onone";
			};
			name = Debug;
		};
		C1B0DC8B233EEE5300C9BD00 /* Release */ = {
			isa = XCBuildConfiguration;
			buildSettings = {
				ALWAYS_SEARCH_USER_PATHS = NO;
				CLANG_ANALYZER_NONNULL = YES;
				CLANG_ANALYZER_NUMBER_OBJECT_CONVERSION = YES_AGGRESSIVE;
				CLANG_CXX_LANGUAGE_STANDARD = "gnu++14";
				CLANG_CXX_LIBRARY = "libc++";
				CLANG_ENABLE_MODULES = YES;
				CLANG_ENABLE_OBJC_ARC = YES;
				CLANG_ENABLE_OBJC_WEAK = YES;
				CLANG_WARN_BLOCK_CAPTURE_AUTORELEASING = YES;
				CLANG_WARN_BOOL_CONVERSION = YES;
				CLANG_WARN_COMMA = YES;
				CLANG_WARN_CONSTANT_CONVERSION = YES;
				CLANG_WARN_DEPRECATED_OBJC_IMPLEMENTATIONS = YES;
				CLANG_WARN_DIRECT_OBJC_ISA_USAGE = YES_ERROR;
				CLANG_WARN_DOCUMENTATION_COMMENTS = YES;
				CLANG_WARN_EMPTY_BODY = YES;
				CLANG_WARN_ENUM_CONVERSION = YES;
				CLANG_WARN_INFINITE_RECURSION = YES;
				CLANG_WARN_INT_CONVERSION = YES;
				CLANG_WARN_NON_LITERAL_NULL_CONVERSION = YES;
				CLANG_WARN_OBJC_IMPLICIT_RETAIN_SELF = YES;
				CLANG_WARN_OBJC_LITERAL_CONVERSION = YES;
				CLANG_WARN_OBJC_ROOT_CLASS = YES_ERROR;
				CLANG_WARN_RANGE_LOOP_ANALYSIS = YES;
				CLANG_WARN_STRICT_PROTOTYPES = YES;
				CLANG_WARN_SUSPICIOUS_MOVE = YES;
				CLANG_WARN_UNGUARDED_AVAILABILITY = YES_AGGRESSIVE;
				CLANG_WARN_UNREACHABLE_CODE = YES;
				CLANG_WARN__DUPLICATE_METHOD_MATCH = YES;
				CODE_SIGN_IDENTITY = "iPhone Developer";
				COPY_PHASE_STRIP = NO;
				DEBUG_INFORMATION_FORMAT = "dwarf-with-dsym";
				ENABLE_NS_ASSERTIONS = NO;
				ENABLE_STRICT_OBJC_MSGSEND = YES;
				GCC_C_LANGUAGE_STANDARD = gnu11;
				GCC_NO_COMMON_BLOCKS = YES;
				GCC_WARN_64_TO_32_BIT_CONVERSION = YES;
				GCC_WARN_ABOUT_RETURN_TYPE = YES_ERROR;
				GCC_WARN_UNDECLARED_SELECTOR = YES;
				GCC_WARN_UNINITIALIZED_AUTOS = YES_AGGRESSIVE;
				GCC_WARN_UNUSED_FUNCTION = YES;
				GCC_WARN_UNUSED_VARIABLE = YES;
				IPHONEOS_DEPLOYMENT_TARGET = 12.4;
				MTL_ENABLE_DEBUG_INFO = NO;
				MTL_FAST_MATH = YES;
				SDKROOT = iphoneos;
				SWIFT_COMPILATION_MODE = wholemodule;
				SWIFT_OPTIMIZATION_LEVEL = "-O";
				VALIDATE_PRODUCT = YES;
			};
			name = Release;
		};
		C1B0DC8D233EEE5300C9BD00 /* Debug */ = {
			isa = XCBuildConfiguration;
			buildSettings = {
				ASSETCATALOG_COMPILER_APPICON_NAME = AppIcon;
				CODE_SIGN_STYLE = Automatic;
				DEVELOPMENT_TEAM = CBDRQW8BL9;
				INFOPLIST_FILE = CombineMVVM/Info.plist;
				LD_RUNPATH_SEARCH_PATHS = (
					"$(inherited)",
					"@executable_path/Frameworks",
				);
				PRODUCT_BUNDLE_IDENTIFIER = com.dcj.CombineMVVM;
				PRODUCT_NAME = "$(TARGET_NAME)";
				SWIFT_VERSION = 5.0;
				TARGETED_DEVICE_FAMILY = "1,2";
			};
			name = Debug;
		};
		C1B0DC8E233EEE5300C9BD00 /* Release */ = {
			isa = XCBuildConfiguration;
			buildSettings = {
				ASSETCATALOG_COMPILER_APPICON_NAME = AppIcon;
				CODE_SIGN_STYLE = Automatic;
				DEVELOPMENT_TEAM = CBDRQW8BL9;
				INFOPLIST_FILE = CombineMVVM/Info.plist;
				LD_RUNPATH_SEARCH_PATHS = (
					"$(inherited)",
					"@executable_path/Frameworks",
				);
				PRODUCT_BUNDLE_IDENTIFIER = com.dcj.CombineMVVM;
				PRODUCT_NAME = "$(TARGET_NAME)";
				SWIFT_VERSION = 5.0;
				TARGETED_DEVICE_FAMILY = "1,2";
			};
			name = Release;
		};
/* End XCBuildConfiguration section */

/* Begin XCConfigurationList section */
		C1B0DC75233EEE5200C9BD00 /* Build configuration list for PBXProject "CombineMVVM" */ = {
			isa = XCConfigurationList;
			buildConfigurations = (
				C1B0DC8A233EEE5300C9BD00 /* Debug */,
				C1B0DC8B233EEE5300C9BD00 /* Release */,
			);
			defaultConfigurationIsVisible = 0;
			defaultConfigurationName = Release;
		};
		C1B0DC8C233EEE5300C9BD00 /* Build configuration list for PBXNativeTarget "CombineMVVM" */ = {
			isa = XCConfigurationList;
			buildConfigurations = (
				C1B0DC8D233EEE5300C9BD00 /* Debug */,
				C1B0DC8E233EEE5300C9BD00 /* Release */,
			);
			defaultConfigurationIsVisible = 0;
			defaultConfigurationName = Release;
		};
/* End XCConfigurationList section */
	};
	rootObject = C1B0DC72233EEE5200C9BD00 /* Project object */;
}
