// !$*UTF8*$!
{
	archiveVersion = 1;
	classes = {
	};
	objectVersion = 50;
	objects = {

/* Begin PBXBuildFile section */
		B5617706234195D000BCCDE9 /* AppDelegate.swift in Sources */ = {isa = PBXBuildFile; fileRef = B5617705234195D000BCCDE9 /* AppDelegate.swift */; };
		B5617708234195D000BCCDE9 /* SceneDelegate.swift in Sources */ = {isa = PBXBuildFile; fileRef = B5617707234195D000BCCDE9 /* SceneDelegate.swift */; };
		B561770A234195D000BCCDE9 /* ContentView.swift in Sources */ = {isa = PBXBuildFile; fileRef = B5617709234195D000BCCDE9 /* ContentView.swift */; };
		B561770C234195D100BCCDE9 /* Assets.xcassets in Resources */ = {isa = PBXBuildFile; fileRef = B561770B234195D100BCCDE9 /* Assets.xcassets */; };
		B561770F234195D100BCCDE9 /* Preview Assets.xcassets in Resources */ = {isa = PBXBuildFile; fileRef = B561770E234195D100BCCDE9 /* Preview Assets.xcassets */; };
		B5617712234195D100BCCDE9 /* LaunchScreen.storyboard in Resources */ = {isa = PBXBuildFile; fileRef = B5617710234195D100BCCDE9 /* LaunchScreen.storyboard */; };
		B561771A23419E9500BCCDE9 /* README.md in Resources */ = {isa = PBXBuildFile; fileRef = B561771923419E9500BCCDE9 /* README.md */; };
		B561771D2341C7B400BCCDE9 /* WeeklyWeatherView.swift in Sources */ = {isa = PBXBuildFile; fileRef = B561771C2341C7B400BCCDE9 /* WeeklyWeatherView.swift */; };
		B561771F2341C8FC00BCCDE9 /* WeaklyWeatherViewModel.swift in Sources */ = {isa = PBXBuildFile; fileRef = B561771E2341C8FC00BCCDE9 /* WeaklyWeatherViewModel.swift */; };
		B56177212341C97A00BCCDE9 /* DailyWeatherRowViewModel.swift in Sources */ = {isa = PBXBuildFile; fileRef = B56177202341C97A00BCCDE9 /* DailyWeatherRowViewModel.swift */; };
		B56177262341CC4700BCCDE9 /* Responses.swift in Sources */ = {isa = PBXBuildFile; fileRef = B56177252341CC4700BCCDE9 /* Responses.swift */; };
		B56177282341CCA300BCCDE9 /* DailyWeatherRow.swift in Sources */ = {isa = PBXBuildFile; fileRef = B56177272341CCA300BCCDE9 /* DailyWeatherRow.swift */; };
		B561772C2341CDB800BCCDE9 /* Formatters.swift in Sources */ = {isa = PBXBuildFile; fileRef = B561772B2341CDB800BCCDE9 /* Formatters.swift */; };
		B5E50DF32341D50B00DB95EB /* WeatherFetchable.swift in Sources */ = {isa = PBXBuildFile; fileRef = B5E50DF22341D50B00DB95EB /* WeatherFetchable.swift */; };
		B5E50DF52341D57000DB95EB /* WeatherError.swift in Sources */ = {isa = PBXBuildFile; fileRef = B5E50DF42341D57000DB95EB /* WeatherError.swift */; };
		B5E50DF82341D8B200DB95EB /* Parsing.swift in Sources */ = {isa = PBXBuildFile; fileRef = B5E50DF72341D8B200DB95EB /* Parsing.swift */; };
/* End PBXBuildFile section */

/* Begin PBXFileReference section */
		B5617702234195D000BCCDE9 /* CombineMVVM.app */ = {isa = PBXFileReference; explicitFileType = wrapper.application; includeInIndex = 0; path = CombineMVVM.app; sourceTree = BUILT_PRODUCTS_DIR; };
		B5617705234195D000BCCDE9 /* AppDelegate.swift */ = {isa = PBXFileReference; lastKnownFileType = sourcecode.swift; path = AppDelegate.swift; sourceTree = "<group>"; };
		B5617707234195D000BCCDE9 /* SceneDelegate.swift */ = {isa = PBXFileReference; lastKnownFileType = sourcecode.swift; path = SceneDelegate.swift; sourceTree = "<group>"; };
		B5617709234195D000BCCDE9 /* ContentView.swift */ = {isa = PBXFileReference; lastKnownFileType = sourcecode.swift; path = ContentView.swift; sourceTree = "<group>"; };
		B561770B234195D100BCCDE9 /* Assets.xcassets */ = {isa = PBXFileReference; lastKnownFileType = folder.assetcatalog; path = Assets.xcassets; sourceTree = "<group>"; };
		B561770E234195D100BCCDE9 /* Preview Assets.xcassets */ = {isa = PBXFileReference; lastKnownFileType = folder.assetcatalog; path = "Preview Assets.xcassets"; sourceTree = "<group>"; };
		B5617711234195D100BCCDE9 /* Base */ = {isa = PBXFileReference; lastKnownFileType = file.storyboard; name = Base; path = Base.lproj/LaunchScreen.storyboard; sourceTree = "<group>"; };
		B5617713234195D100BCCDE9 /* Info.plist */ = {isa = PBXFileReference; lastKnownFileType = text.plist.xml; path = Info.plist; sourceTree = "<group>"; };
		B561771923419E9500BCCDE9 /* README.md */ = {isa = PBXFileReference; lastKnownFileType = net.daringfireball.markdown; path = README.md; sourceTree = "<group>"; };
		B561771C2341C7B400BCCDE9 /* WeeklyWeatherView.swift */ = {isa = PBXFileReference; lastKnownFileType = sourcecode.swift; path = WeeklyWeatherView.swift; sourceTree = "<group>"; };
		B561771E2341C8FC00BCCDE9 /* WeaklyWeatherViewModel.swift */ = {isa = PBXFileReference; lastKnownFileType = sourcecode.swift; path = WeaklyWeatherViewModel.swift; sourceTree = "<group>"; };
		B56177202341C97A00BCCDE9 /* DailyWeatherRowViewModel.swift */ = {isa = PBXFileReference; lastKnownFileType = sourcecode.swift; path = DailyWeatherRowViewModel.swift; sourceTree = "<group>"; };
		B56177252341CC4700BCCDE9 /* Responses.swift */ = {isa = PBXFileReference; fileEncoding = 4; lastKnownFileType = sourcecode.swift; path = Responses.swift; sourceTree = "<group>"; };
		B56177272341CCA300BCCDE9 /* DailyWeatherRow.swift */ = {isa = PBXFileReference; lastKnownFileType = sourcecode.swift; path = DailyWeatherRow.swift; sourceTree = "<group>"; };
		B561772B2341CDB800BCCDE9 /* Formatters.swift */ = {isa = PBXFileReference; lastKnownFileType = sourcecode.swift; path = Formatters.swift; sourceTree = "<group>"; };
		B5E50DF22341D50B00DB95EB /* WeatherFetchable.swift */ = {isa = PBXFileReference; lastKnownFileType = sourcecode.swift; path = WeatherFetchable.swift; sourceTree = "<group>"; };
		B5E50DF42341D57000DB95EB /* WeatherError.swift */ = {isa = PBXFileReference; lastKnownFileType = sourcecode.swift; path = WeatherError.swift; sourceTree = "<group>"; };
		B5E50DF72341D8B200DB95EB /* Parsing.swift */ = {isa = PBXFileReference; lastKnownFileType = sourcecode.swift; path = Parsing.swift; sourceTree = "<group>"; };
/* End PBXFileReference section */

/* Begin PBXFrameworksBuildPhase section */
		B56176FF234195D000BCCDE9 /* Frameworks */ = {
			isa = PBXFrameworksBuildPhase;
			buildActionMask = 2147483647;
			files = (
			);
			runOnlyForDeploymentPostprocessing = 0;
		};
/* End PBXFrameworksBuildPhase section */

/* Begin PBXGroup section */
		B56176F9234195D000BCCDE9 = {
			isa = PBXGroup;
			children = (
				B561771923419E9500BCCDE9 /* README.md */,
				B5617704234195D000BCCDE9 /* CombineMVVM */,
				B5617703234195D000BCCDE9 /* Products */,
			);
			sourceTree = "<group>";
		};
		B5617703234195D000BCCDE9 /* Products */ = {
			isa = PBXGroup;
			children = (
				B5617702234195D000BCCDE9 /* CombineMVVM.app */,
			);
			name = Products;
			sourceTree = "<group>";
		};
		B5617704234195D000BCCDE9 /* CombineMVVM */ = {
			isa = PBXGroup;
			children = (
				B56177292341CD9400BCCDE9 /* Utilities */,
				B56177222341C9B500BCCDE9 /* OpenWeatherApi */,
				B561771B2341C79900BCCDE9 /* WeeklyWeather */,
				B5617705234195D000BCCDE9 /* AppDelegate.swift */,
				B5617707234195D000BCCDE9 /* SceneDelegate.swift */,
				B5617709234195D000BCCDE9 /* ContentView.swift */,
				B561770B234195D100BCCDE9 /* Assets.xcassets */,
				B5617710234195D100BCCDE9 /* LaunchScreen.storyboard */,
				B5617713234195D100BCCDE9 /* Info.plist */,
				B561770D234195D100BCCDE9 /* Preview Content */,
			);
			path = CombineMVVM;
			sourceTree = "<group>";
		};
		B561770D234195D100BCCDE9 /* Preview Content */ = {
			isa = PBXGroup;
			children = (
				B561770E234195D100BCCDE9 /* Preview Assets.xcassets */,
			);
			path = "Preview Content";
			sourceTree = "<group>";
		};
		B561771B2341C79900BCCDE9 /* WeeklyWeather */ = {
			isa = PBXGroup;
			children = (
				B561771C2341C7B400BCCDE9 /* WeeklyWeatherView.swift */,
				B561771E2341C8FC00BCCDE9 /* WeaklyWeatherViewModel.swift */,
				B56177272341CCA300BCCDE9 /* DailyWeatherRow.swift */,
				B56177202341C97A00BCCDE9 /* DailyWeatherRowViewModel.swift */,
			);
			path = WeeklyWeather;
			sourceTree = "<group>";
		};
		B56177222341C9B500BCCDE9 /* OpenWeatherApi */ = {
			isa = PBXGroup;
			children = (
				B56177252341CC4700BCCDE9 /* Responses.swift */,
				B5E50DF22341D50B00DB95EB /* WeatherFetchable.swift */,
				B5E50DF42341D57000DB95EB /* WeatherError.swift */,
			);
			path = OpenWeatherApi;
			sourceTree = "<group>";
		};
		B56177292341CD9400BCCDE9 /* Utilities */ = {
			isa = PBXGroup;
			children = (
				B5E50DF62341D8A800DB95EB /* Parsing */,
				B561772A2341CDA100BCCDE9 /* Formatters */,
			);
			path = Utilities;
			sourceTree = "<group>";
		};
		B561772A2341CDA100BCCDE9 /* Formatters */ = {
			isa = PBXGroup;
			children = (
				B561772B2341CDB800BCCDE9 /* Formatters.swift */,
			);
			path = Formatters;
			sourceTree = "<group>";
		};
		B5E50DF62341D8A800DB95EB /* Parsing */ = {
			isa = PBXGroup;
			children = (
				B5E50DF72341D8B200DB95EB /* Parsing.swift */,
			);
			path = Parsing;
			sourceTree = "<group>";
		};
/* End PBXGroup section */

/* Begin PBXNativeTarget section */
		B5617701234195D000BCCDE9 /* CombineMVVM */ = {
			isa = PBXNativeTarget;
			buildConfigurationList = B5617716234195D100BCCDE9 /* Build configuration list for PBXNativeTarget "CombineMVVM" */;
			buildPhases = (
				B56176FE234195D000BCCDE9 /* Sources */,
				B56176FF234195D000BCCDE9 /* Frameworks */,
				B5617700234195D000BCCDE9 /* Resources */,
			);
			buildRules = (
			);
			dependencies = (
			);
			name = CombineMVVM;
			productName = CombineMVVM;
			productReference = B5617702234195D000BCCDE9 /* CombineMVVM.app */;
			productType = "com.apple.product-type.application";
		};
/* End PBXNativeTarget section */

/* Begin PBXProject section */
		B56176FA234195D000BCCDE9 /* Project object */ = {
			isa = PBXProject;
			attributes = {
				LastSwiftUpdateCheck = 1100;
				LastUpgradeCheck = 1100;
				ORGANIZATIONNAME = dengchaojie;
				TargetAttributes = {
					B5617701234195D000BCCDE9 = {
						CreatedOnToolsVersion = 11.0;
					};
				};
			};
			buildConfigurationList = B56176FD234195D000BCCDE9 /* Build configuration list for PBXProject "CombineMVVM" */;
			compatibilityVersion = "Xcode 9.3";
			developmentRegion = en;
			hasScannedForEncodings = 0;
			knownRegions = (
				en,
				Base,
			);
			mainGroup = B56176F9234195D000BCCDE9;
			productRefGroup = B5617703234195D000BCCDE9 /* Products */;
			projectDirPath = "";
			projectRoot = "";
			targets = (
				B5617701234195D000BCCDE9 /* CombineMVVM */,
			);
		};
/* End PBXProject section */

/* Begin PBXResourcesBuildPhase section */
		B5617700234195D000BCCDE9 /* Resources */ = {
			isa = PBXResourcesBuildPhase;
			buildActionMask = 2147483647;
			files = (
				B5617712234195D100BCCDE9 /* LaunchScreen.storyboard in Resources */,
				B561770F234195D100BCCDE9 /* Preview Assets.xcassets in Resources */,
				B561771A23419E9500BCCDE9 /* README.md in Resources */,
				B561770C234195D100BCCDE9 /* Assets.xcassets in Resources */,
			);
			runOnlyForDeploymentPostprocessing = 0;
		};
/* End PBXResourcesBuildPhase section */

/* Begin PBXSourcesBuildPhase section */
		B56176FE234195D000BCCDE9 /* Sources */ = {
			isa = PBXSourcesBuildPhase;
			buildActionMask = 2147483647;
			files = (
				B5617706234195D000BCCDE9 /* AppDelegate.swift in Sources */,
				B5617708234195D000BCCDE9 /* SceneDelegate.swift in Sources */,
				B561771F2341C8FC00BCCDE9 /* WeaklyWeatherViewModel.swift in Sources */,
				B561772C2341CDB800BCCDE9 /* Formatters.swift in Sources */,
				B5E50DF82341D8B200DB95EB /* Parsing.swift in Sources */,
				B56177282341CCA300BCCDE9 /* DailyWeatherRow.swift in Sources */,
				B561771D2341C7B400BCCDE9 /* WeeklyWeatherView.swift in Sources */,
				B5E50DF52341D57000DB95EB /* WeatherError.swift in Sources */,
				B56177212341C97A00BCCDE9 /* DailyWeatherRowViewModel.swift in Sources */,
				B56177262341CC4700BCCDE9 /* Responses.swift in Sources */,
				B561770A234195D000BCCDE9 /* ContentView.swift in Sources */,
				B5E50DF32341D50B00DB95EB /* WeatherFetchable.swift in Sources */,
			);
			runOnlyForDeploymentPostprocessing = 0;
		};
/* End PBXSourcesBuildPhase section */

/* Begin PBXVariantGroup section */
		B5617710234195D100BCCDE9 /* LaunchScreen.storyboard */ = {
			isa = PBXVariantGroup;
			children = (
				B5617711234195D100BCCDE9 /* Base */,
			);
			name = LaunchScreen.storyboard;
			sourceTree = "<group>";
		};
/* End PBXVariantGroup section */

/* Begin XCBuildConfiguration section */
		B5617714234195D100BCCDE9 /* Debug */ = {
			isa = XCBuildConfiguration;
			buildSettings = {
				ALWAYS_SEARCH_USER_PATHS = NO;
				CLANG_ANALYZER_NONNULL = YES;
				CLANG_ANALYZER_NUMBER_OBJECT_CONVERSION = YES_AGGRESSIVE;
				CLANG_CXX_LANGUAGE_STANDARD = "gnu++14";
				CLANG_CXX_LIBRARY = "libc++";
				CLANG_ENABLE_MODULES = YES;
				CLANG_ENABLE_OBJC_ARC = YES;
				CLANG_ENABLE_OBJC_WEAK = YES;
				CLANG_WARN_BLOCK_CAPTURE_AUTORELEASING = YES;
				CLANG_WARN_BOOL_CONVERSION = YES;
				CLANG_WARN_COMMA = YES;
				CLANG_WARN_CONSTANT_CONVERSION = YES;
				CLANG_WARN_DEPRECATED_OBJC_IMPLEMENTATIONS = YES;
				CLANG_WARN_DIRECT_OBJC_ISA_USAGE = YES_ERROR;
				CLANG_WARN_DOCUMENTATION_COMMENTS = YES;
				CLANG_WARN_EMPTY_BODY = YES;
				CLANG_WARN_ENUM_CONVERSION = YES;
				CLANG_WARN_INFINITE_RECURSION = YES;
				CLANG_WARN_INT_CONVERSION = YES;
				CLANG_WARN_NON_LITERAL_NULL_CONVERSION = YES;
				CLANG_WARN_OBJC_IMPLICIT_RETAIN_SELF = YES;
				CLANG_WARN_OBJC_LITERAL_CONVERSION = YES;
				CLANG_WARN_OBJC_ROOT_CLASS = YES_ERROR;
				CLANG_WARN_RANGE_LOOP_ANALYSIS = YES;
				CLANG_WARN_STRICT_PROTOTYPES = YES;
				CLANG_WARN_SUSPICIOUS_MOVE = YES;
				CLANG_WARN_UNGUARDED_AVAILABILITY = YES_AGGRESSIVE;
				CLANG_WARN_UNREACHABLE_CODE = YES;
				CLANG_WARN__DUPLICATE_METHOD_MATCH = YES;
				COPY_PHASE_STRIP = NO;
				DEBUG_INFORMATION_FORMAT = dwarf;
				ENABLE_STRICT_OBJC_MSGSEND = YES;
				ENABLE_TESTABILITY = YES;
				GCC_C_LANGUAGE_STANDARD = gnu11;
				GCC_DYNAMIC_NO_PIC = NO;
				GCC_NO_COMMON_BLOCKS = YES;
				GCC_OPTIMIZATION_LEVEL = 0;
				GCC_PREPROCESSOR_DEFINITIONS = (
					"DEBUG=1",
					"$(inherited)",
				);
				GCC_WARN_64_TO_32_BIT_CONVERSION = YES;
				GCC_WARN_ABOUT_RETURN_TYPE = YES_ERROR;
				GCC_WARN_UNDECLARED_SELECTOR = YES;
				GCC_WARN_UNINITIALIZED_AUTOS = YES_AGGRESSIVE;
				GCC_WARN_UNUSED_FUNCTION = YES;
				GCC_WARN_UNUSED_VARIABLE = YES;
				IPHONEOS_DEPLOYMENT_TARGET = 13.0;
				MTL_ENABLE_DEBUG_INFO = INCLUDE_SOURCE;
				MTL_FAST_MATH = YES;
				ONLY_ACTIVE_ARCH = YES;
				SDKROOT = iphoneos;
				SWIFT_ACTIVE_COMPILATION_CONDITIONS = DEBUG;
				SWIFT_OPTIMIZATION_LEVEL = "-Onone";
			};
			name = Debug;
		};
		B5617715234195D100BCCDE9 /* Release */ = {
			isa = XCBuildConfiguration;
			buildSettings = {
				ALWAYS_SEARCH_USER_PATHS = NO;
				CLANG_ANALYZER_NONNULL = YES;
				CLANG_ANALYZER_NUMBER_OBJECT_CONVERSION = YES_AGGRESSIVE;
				CLANG_CXX_LANGUAGE_STANDARD = "gnu++14";
				CLANG_CXX_LIBRARY = "libc++";
				CLANG_ENABLE_MODULES = YES;
				CLANG_ENABLE_OBJC_ARC = YES;
				CLANG_ENABLE_OBJC_WEAK = YES;
				CLANG_WARN_BLOCK_CAPTURE_AUTORELEASING = YES;
				CLANG_WARN_BOOL_CONVERSION = YES;
				CLANG_WARN_COMMA = YES;
				CLANG_WARN_CONSTANT_CONVERSION = YES;
				CLANG_WARN_DEPRECATED_OBJC_IMPLEMENTATIONS = YES;
				CLANG_WARN_DIRECT_OBJC_ISA_USAGE = YES_ERROR;
				CLANG_WARN_DOCUMENTATION_COMMENTS = YES;
				CLANG_WARN_EMPTY_BODY = YES;
				CLANG_WARN_ENUM_CONVERSION = YES;
				CLANG_WARN_INFINITE_RECURSION = YES;
				CLANG_WARN_INT_CONVERSION = YES;
				CLANG_WARN_NON_LITERAL_NULL_CONVERSION = YES;
				CLANG_WARN_OBJC_IMPLICIT_RETAIN_SELF = YES;
				CLANG_WARN_OBJC_LITERAL_CONVERSION = YES;
				CLANG_WARN_OBJC_ROOT_CLASS = YES_ERROR;
				CLANG_WARN_RANGE_LOOP_ANALYSIS = YES;
				CLANG_WARN_STRICT_PROTOTYPES = YES;
				CLANG_WARN_SUSPICIOUS_MOVE = YES;
				CLANG_WARN_UNGUARDED_AVAILABILITY = YES_AGGRESSIVE;
				CLANG_WARN_UNREACHABLE_CODE = YES;
				CLANG_WARN__DUPLICATE_METHOD_MATCH = YES;
				COPY_PHASE_STRIP = NO;
				DEBUG_INFORMATION_FORMAT = "dwarf-with-dsym";
				ENABLE_NS_ASSERTIONS = NO;
				ENABLE_STRICT_OBJC_MSGSEND = YES;
				GCC_C_LANGUAGE_STANDARD = gnu11;
				GCC_NO_COMMON_BLOCKS = YES;
				GCC_WARN_64_TO_32_BIT_CONVERSION = YES;
				GCC_WARN_ABOUT_RETURN_TYPE = YES_ERROR;
				GCC_WARN_UNDECLARED_SELECTOR = YES;
				GCC_WARN_UNINITIALIZED_AUTOS = YES_AGGRESSIVE;
				GCC_WARN_UNUSED_FUNCTION = YES;
				GCC_WARN_UNUSED_VARIABLE = YES;
				IPHONEOS_DEPLOYMENT_TARGET = 13.0;
				MTL_ENABLE_DEBUG_INFO = NO;
				MTL_FAST_MATH = YES;
				SDKROOT = iphoneos;
				SWIFT_COMPILATION_MODE = wholemodule;
				SWIFT_OPTIMIZATION_LEVEL = "-O";
				VALIDATE_PRODUCT = YES;
			};
			name = Release;
		};
		B5617717234195D100BCCDE9 /* Debug */ = {
			isa = XCBuildConfiguration;
			buildSettings = {
				ASSETCATALOG_COMPILER_APPICON_NAME = AppIcon;
				CODE_SIGN_STYLE = Automatic;
				DEVELOPMENT_ASSET_PATHS = "\"CombineMVVM/Preview Content\"";
				DEVELOPMENT_TEAM = CBDRQW8BL9;
				ENABLE_PREVIEWS = YES;
				INFOPLIST_FILE = CombineMVVM/Info.plist;
				LD_RUNPATH_SEARCH_PATHS = (
					"$(inherited)",
					"@executable_path/Frameworks",
				);
				PRODUCT_BUNDLE_IDENTIFIER = com.dcj.CombineMVVM;
				PRODUCT_NAME = "$(TARGET_NAME)";
				SWIFT_VERSION = 5.0;
				TARGETED_DEVICE_FAMILY = "1,2";
			};
			name = Debug;
		};
		B5617718234195D100BCCDE9 /* Release */ = {
			isa = XCBuildConfiguration;
			buildSettings = {
				ASSETCATALOG_COMPILER_APPICON_NAME = AppIcon;
				CODE_SIGN_STYLE = Automatic;
				DEVELOPMENT_ASSET_PATHS = "\"CombineMVVM/Preview Content\"";
				DEVELOPMENT_TEAM = CBDRQW8BL9;
				ENABLE_PREVIEWS = YES;
				INFOPLIST_FILE = CombineMVVM/Info.plist;
				LD_RUNPATH_SEARCH_PATHS = (
					"$(inherited)",
					"@executable_path/Frameworks",
				);
				PRODUCT_BUNDLE_IDENTIFIER = com.dcj.CombineMVVM;
				PRODUCT_NAME = "$(TARGET_NAME)";
				SWIFT_VERSION = 5.0;
				TARGETED_DEVICE_FAMILY = "1,2";
			};
			name = Release;
		};
/* End XCBuildConfiguration section */

/* Begin XCConfigurationList section */
		B56176FD234195D000BCCDE9 /* Build configuration list for PBXProject "CombineMVVM" */ = {
			isa = XCConfigurationList;
			buildConfigurations = (
				B5617714234195D100BCCDE9 /* Debug */,
				B5617715234195D100BCCDE9 /* Release */,
			);
			defaultConfigurationIsVisible = 0;
			defaultConfigurationName = Release;
		};
		B5617716234195D100BCCDE9 /* Build configuration list for PBXNativeTarget "CombineMVVM" */ = {
			isa = XCConfigurationList;
			buildConfigurations = (
				B5617717234195D100BCCDE9 /* Debug */,
				B5617718234195D100BCCDE9 /* Release */,
			);
			defaultConfigurationIsVisible = 0;
			defaultConfigurationName = Release;
		};
/* End XCConfigurationList section */
	};
	rootObject = B56176FA234195D000BCCDE9 /* Project object */;
}
